
Microsoft Visual Studio Solution File, Format Version 12.00
# Visual Studio Version 17
VisualStudioVersion = 17.10.35122.118
MinimumVisualStudioVersion = 10.0.40219.1
Project("{FAE04EC0-301F-11D3-BF4B-00C04F79EFBC}") = "BlazorLoginApp", "BlazorLoginApp\BlazorLoginApp.csproj", "{56EFE40D-1EA4-4F1A-8FEA-16A84A161295}"
EndProject
Global
	GlobalSection(SolutionConfigurationPlatforms) = preSolution
		Debug|Any CPU = Debug|Any CPU
		Release|Any CPU = Release|Any CPU
	EndGlobalSection
	GlobalSection(ProjectConfigurationPlatforms) = postSolution
		{56EFE40D-1EA4-4F1A-8FEA-16A84A161295}.Debug|Any CPU.ActiveCfg = Debug|Any CPU
		{56EFE40D-1EA4-4F1A-8FEA-16A84A161295}.Debug|Any CPU.Build.0 = Debug|Any CPU
		{56EFE40D-1EA4-4F1A-8FEA-16A84A161295}.Release|Any CPU.ActiveCfg = Release|Any CPU
		{56EFE40D-1EA4-4F1A-8FEA-16A84A161295}.Release|Any CPU.Build.0 = Release|Any CPU
	EndGlobalSection
	GlobalSection(SolutionProperties) = preSolution
		HideSolutionNode = FALSE
	EndGlobalSection
	GlobalSection(ExtensibilityGlobals) = postSolution
		SolutionGuid = {7BAC8F73-BD9F-4451-9FE5-471DEEC61B45}
	EndGlobalSection
EndGlobal
