
Microsoft Visual Studio Solution File, Format Version 12.00
# Visual Studio Version 17
VisualStudioVersion = 17.11.35327.3
MinimumVisualStudioVersion = 10.0.40219.1
Project("{FAE04EC0-301F-11D3-BF4B-00C04F79EFBC}") = "MQTTbroker", "MQTTbroker.csproj", "{E4AE00B1-0F97-4BA0-A2E5-4DBEA33968A6}"
EndProject
Global
	GlobalSection(SolutionConfigurationPlatforms) = preSolution
		Debug|Any CPU = Debug|Any CPU
		Release|Any CPU = Release|Any CPU
	EndGlobalSection
	GlobalSection(ProjectConfigurationPlatforms) = postSolution
		{E4AE00B1-0F97-4BA0-A2E5-4DBEA33968A6}.Debug|Any CPU.ActiveCfg = Debug|Any CPU
		{E4AE00B1-0F97-4BA0-A2E5-4DBEA33968A6}.Debug|Any CPU.Build.0 = Debug|Any CPU
		{E4AE00B1-0F97-4BA0-A2E5-4DBEA33968A6}.Release|Any CPU.ActiveCfg = Release|Any CPU
		{E4AE00B1-0F97-4BA0-A2E5-4DBEA33968A6}.Release|Any CPU.Build.0 = Release|Any CPU
	EndGlobalSection
	GlobalSection(SolutionProperties) = preSolution
		HideSolutionNode = FALSE
	EndGlobalSection
	GlobalSection(ExtensibilityGlobals) = postSolution
		SolutionGuid = {4B799211-12D7-458C-96A0-C8303151DBFD}
	EndGlobalSection
EndGlobal
