
Microsoft Visual Studio Solution File, Format Version 12.00
# Visual Studio Version 17
VisualStudioVersion = 17.11.35327.3
MinimumVisualStudioVersion = 10.0.40219.1
Project("{FAE04EC0-301F-11D3-BF4B-00C04F79EFBC}") = "MQTTclient", "MQTTclient.csproj", "{9E41317A-F6F0-49D5-B403-1C0D0AB2882D}"
EndProject
Global
	GlobalSection(SolutionConfigurationPlatforms) = preSolution
		Debug|Any CPU = Debug|Any CPU
		Release|Any CPU = Release|Any CPU
	EndGlobalSection
	GlobalSection(ProjectConfigurationPlatforms) = postSolution
		{9E41317A-F6F0-49D5-B403-1C0D0AB2882D}.Debug|Any CPU.ActiveCfg = Debug|Any CPU
		{9E41317A-F6F0-49D5-B403-1C0D0AB2882D}.Debug|Any CPU.Build.0 = Debug|Any CPU
		{9E41317A-F6F0-49D5-B403-1C0D0AB2882D}.Release|Any CPU.ActiveCfg = Release|Any CPU
		{9E41317A-F6F0-49D5-B403-1C0D0AB2882D}.Release|Any CPU.Build.0 = Release|Any CPU
	EndGlobalSection
	GlobalSection(SolutionProperties) = preSolution
		HideSolutionNode = FALSE
	EndGlobalSection
	GlobalSection(ExtensibilityGlobals) = postSolution
		SolutionGuid = {D355C4A0-632B-4E3A-9CC0-2AC9C6E489CA}
	EndGlobalSection
EndGlobal
