
Microsoft Visual Studio Solution File, Format Version 12.00
# Visual Studio Version 17
VisualStudioVersion = 17.10.35122.118
MinimumVisualStudioVersion = 10.0.40219.1
Project("{FAE04EC0-301F-11D3-BF4B-00C04F79EFBC}") = "MiniClientCredential", "MiniClientCredential\MiniClientCredential.csproj", "{CBC95362-6562-4BB9-8122-06AB27CDDC21}"
EndProject
Global
	GlobalSection(SolutionConfigurationPlatforms) = preSolution
		Debug|Any CPU = Debug|Any CPU
		Release|Any CPU = Release|Any CPU
	EndGlobalSection
	GlobalSection(ProjectConfigurationPlatforms) = postSolution
		{CBC95362-6562-4BB9-8122-06AB27CDDC21}.Debug|Any CPU.ActiveCfg = Debug|Any CPU
		{CBC95362-6562-4BB9-8122-06AB27CDDC21}.Debug|Any CPU.Build.0 = Debug|Any CPU
		{CBC95362-6562-4BB9-8122-06AB27CDDC21}.Release|Any CPU.ActiveCfg = Release|Any CPU
		{CBC95362-6562-4BB9-8122-06AB27CDDC21}.Release|Any CPU.Build.0 = Release|Any CPU
	EndGlobalSection
	GlobalSection(SolutionProperties) = preSolution
		HideSolutionNode = FALSE
	EndGlobalSection
	GlobalSection(ExtensibilityGlobals) = postSolution
		SolutionGuid = {7C7D1DB9-C2A9-4FBE-BC6F-3716DA76E947}
	EndGlobalSection
EndGlobal
