
Microsoft Visual Studio Solution File, Format Version 12.00
# Visual Studio Version 16
VisualStudioVersion = 16.0.29503.13
MinimumVisualStudioVersion = 10.0.40219.1
Project("{FAE04EC0-301F-11D3-BF4B-00C04F79EFBC}") = "AASXLoader", "AASXLoader.csproj", "{CF0F5C39-AD26-4746-9159-4A42ECF46A70}"
EndProject
Global
	GlobalSection(SolutionConfigurationPlatforms) = preSolution
		Debug|Any CPU = Debug|Any CPU
		Release|Any CPU = Release|Any CPU
	EndGlobalSection
	GlobalSection(ProjectConfigurationPlatforms) = postSolution
		{CF0F5C39-AD26-4746-9159-4A42ECF46A70}.Debug|Any CPU.ActiveCfg = Debug|Any CPU
		{CF0F5C39-AD26-4746-9159-4A42ECF46A70}.Debug|Any CPU.Build.0 = Debug|Any CPU
		{CF0F5C39-AD26-4746-9159-4A42ECF46A70}.Release|Any CPU.ActiveCfg = Release|Any CPU
		{CF0F5C39-AD26-4746-9159-4A42ECF46A70}.Release|Any CPU.Build.0 = Release|Any CPU
	EndGlobalSection
	GlobalSection(SolutionProperties) = preSolution
		HideSolutionNode = FALSE
	EndGlobalSection
	GlobalSection(ExtensibilityGlobals) = postSolution
		SolutionGuid = {AB104975-CF12-4A5C-8487-5418A72C7745}
	EndGlobalSection
EndGlobal
