
Microsoft Visual Studio Solution File, Format Version 12.00
# Visual Studio Version 17
VisualStudioVersion = 17.11.35327.3
MinimumVisualStudioVersion = 10.0.40219.1
Project("{FAE04EC0-301F-11D3-BF4B-00C04F79EFBC}") = "BlazorEntra", "BlazorEntra.csproj", "{CEF46D70-1AE0-4827-BA2C-557EDFF95908}"
EndProject
Global
	GlobalSection(SolutionConfigurationPlatforms) = preSolution
		Debug|Any CPU = Debug|Any CPU
		Release|Any CPU = Release|Any CPU
	EndGlobalSection
	GlobalSection(ProjectConfigurationPlatforms) = postSolution
		{CEF46D70-1AE0-4827-BA2C-557EDFF95908}.Debug|Any CPU.ActiveCfg = Debug|Any CPU
		{CEF46D70-1AE0-4827-BA2C-557EDFF95908}.Debug|Any CPU.Build.0 = Debug|Any CPU
		{CEF46D70-1AE0-4827-BA2C-557EDFF95908}.Release|Any CPU.ActiveCfg = Release|Any CPU
		{CEF46D70-1AE0-4827-BA2C-557EDFF95908}.Release|Any CPU.Build.0 = Release|Any CPU
	EndGlobalSection
	GlobalSection(SolutionProperties) = preSolution
		HideSolutionNode = FALSE
	EndGlobalSection
	GlobalSection(ExtensibilityGlobals) = postSolution
		SolutionGuid = {5F13A651-CDC0-480F-8577-F789B1C528A5}
	EndGlobalSection
EndGlobal
