
Microsoft Visual Studio Solution File, Format Version 12.00
# Visual Studio Version 17
VisualStudioVersion = 17.11.35327.3
MinimumVisualStudioVersion = 10.0.40219.1
Project("{FAE04EC0-301F-11D3-BF4B-00C04F79EFBC}") = "RegistryOfRegistry", "RegistryOfRegistry.csproj", "{4811D91D-8DCF-4502-AB10-26F6C21D9775}"
EndProject
Global
	GlobalSection(SolutionConfigurationPlatforms) = preSolution
		Debug|Any CPU = Debug|Any CPU
		Release|Any CPU = Release|Any CPU
	EndGlobalSection
	GlobalSection(ProjectConfigurationPlatforms) = postSolution
		{4811D91D-8DCF-4502-AB10-26F6C21D9775}.Debug|Any CPU.ActiveCfg = Debug|Any CPU
		{4811D91D-8DCF-4502-AB10-26F6C21D9775}.Debug|Any CPU.Build.0 = Debug|Any CPU
		{4811D91D-8DCF-4502-AB10-26F6C21D9775}.Release|Any CPU.ActiveCfg = Release|Any CPU
		{4811D91D-8DCF-4502-AB10-26F6C21D9775}.Release|Any CPU.Build.0 = Release|Any CPU
	EndGlobalSection
	GlobalSection(SolutionProperties) = preSolution
		HideSolutionNode = FALSE
	EndGlobalSection
	GlobalSection(ExtensibilityGlobals) = postSolution
		SolutionGuid = {574A7791-B809-4653-9616-7BE7BF213C95}
	EndGlobalSection
EndGlobal
