
Microsoft Visual Studio Solution File, Format Version 12.00
# Visual Studio Version 17
VisualStudioVersion = 17.2.32616.157
MinimumVisualStudioVersion = 10.0.40219.1
Project("{9A19103F-16F7-4668-BE54-9A1E7A4F7556}") = "AasxServerStandardBib", "AasxServerStandardBib\AasxServerStandardBib.csproj", "{6D8FAFA1-0BA5-4E52-87D2-E4E37FC6D95F}"
EndProject
Project("{2150E333-8FDC-42A3-9474-1A3956D46DE8}") = "Solution Items", "Solution Items", "{B8C116C4-932B-4071-9DCC-D4F64E3C4E6F}"
	ProjectSection(SolutionItems) = preProject
		.gitignore = .gitignore
		README.md = README.md
	EndProjectSection
EndProject
Project("{9A19103F-16F7-4668-BE54-9A1E7A4F7556}") = "jsoncanonicalizer", "jsoncanonicalizer\jsoncanonicalizer.csproj", "{A420D3A9-3725-4F4D-9185-2957F2F9F0A9}"
EndProject
Project("{9A19103F-16F7-4668-BE54-9A1E7A4F7556}") = "es6numberserializer", "es6numberserializer\es6numberserializer.csproj", "{DA39CEE6-DA36-4D84-B7CB-8A29C04987B5}"
EndProject
Project("{9A19103F-16F7-4668-BE54-9A1E7A4F7556}") = "AasxCsharpLibrary", "AasxCsharpLibrary\AasxCsharpLibrary.csproj", "{41638E72-A699-4474-9B1F-ACBEC8CA5FED}"
EndProject
Project("{9A19103F-16F7-4668-BE54-9A1E7A4F7556}") = "AasxServerBlazor", "AasxServerBlazor\AasxServerBlazor.csproj", "{158BF4D6-90FE-404F-AC7C-718A7D74007B}"
EndProject
Project("{9A19103F-16F7-4668-BE54-9A1E7A4F7556}") = "IO.Swagger.Lib.V3", "IO.Swagger.Lib.V3\IO.Swagger.Lib.V3.csproj", "{1C237091-3C10-4D14-956B-35740AC03BA6}"
EndProject
Project("{9A19103F-16F7-4668-BE54-9A1E7A4F7556}") = "AasCore.Aas3_0", "AasCore.Aas3_0\AasCore.Aas3_0.csproj", "{02E9FAE5-A358-4D44-82FD-F864E868B135}"
EndProject
Project("{9A19103F-16F7-4668-BE54-9A1E7A4F7556}") = "DataTransferObjects", "DataTransferObjects\DataTransferObjects.csproj", "{136D762B-33E1-4350-B2A3-00FE0D170CAE}"
EndProject
Project("{9A19103F-16F7-4668-BE54-9A1E7A4F7556}") = "AasSecurity", "AasSecurity\AasSecurity.csproj", "{CC024318-080E-4CF3-8D46-479AE5EB6E25}"
EndProject
Project("{9A19103F-16F7-4668-BE54-9A1E7A4F7556}") = "IO.Swagger.Registry.Lib.V3", "IO.Swagger.Registry.Lib.V3\IO.Swagger.Registry.Lib.V3.csproj", "{3C9D4F54-BF0F-4F65-831A-3B7C0B0E8304}"
EndProject
Global
	GlobalSection(SolutionConfigurationPlatforms) = preSolution
		Debug|Any CPU = Debug|Any CPU
		Debug|x64 = Debug|x64
		Debug|x86 = Debug|x86
		DebugSlow|Any CPU = DebugSlow|Any CPU
		DebugSlow|x64 = DebugSlow|x64
		DebugSlow|x86 = DebugSlow|x86
		Release|Any CPU = Release|Any CPU
		Release|x64 = Release|x64
		Release|x86 = Release|x86
	EndGlobalSection
	GlobalSection(ProjectConfigurationPlatforms) = postSolution
		{6D8FAFA1-0BA5-4E52-87D2-E4E37FC6D95F}.Debug|Any CPU.ActiveCfg = Debug|Any CPU
		{6D8FAFA1-0BA5-4E52-87D2-E4E37FC6D95F}.Debug|Any CPU.Build.0 = Debug|Any CPU
		{6D8FAFA1-0BA5-4E52-87D2-E4E37FC6D95F}.Debug|x64.ActiveCfg = Debug|Any CPU
		{6D8FAFA1-0BA5-4E52-87D2-E4E37FC6D95F}.Debug|x64.Build.0 = Debug|Any CPU
		{6D8FAFA1-0BA5-4E52-87D2-E4E37FC6D95F}.Debug|x86.ActiveCfg = Debug|Any CPU
		{6D8FAFA1-0BA5-4E52-87D2-E4E37FC6D95F}.Debug|x86.Build.0 = Debug|Any CPU
		{6D8FAFA1-0BA5-4E52-87D2-E4E37FC6D95F}.DebugSlow|Any CPU.ActiveCfg = Debug|Any CPU
		{6D8FAFA1-0BA5-4E52-87D2-E4E37FC6D95F}.DebugSlow|Any CPU.Build.0 = Debug|Any CPU
		{6D8FAFA1-0BA5-4E52-87D2-E4E37FC6D95F}.DebugSlow|x64.ActiveCfg = Debug|Any CPU
		{6D8FAFA1-0BA5-4E52-87D2-E4E37FC6D95F}.DebugSlow|x64.Build.0 = Debug|Any CPU
		{6D8FAFA1-0BA5-4E52-87D2-E4E37FC6D95F}.DebugSlow|x86.ActiveCfg = Debug|Any CPU
		{6D8FAFA1-0BA5-4E52-87D2-E4E37FC6D95F}.DebugSlow|x86.Build.0 = Debug|Any CPU
		{6D8FAFA1-0BA5-4E52-87D2-E4E37FC6D95F}.Release|Any CPU.ActiveCfg = Release|Any CPU
		{6D8FAFA1-0BA5-4E52-87D2-E4E37FC6D95F}.Release|Any CPU.Build.0 = Release|Any CPU
		{6D8FAFA1-0BA5-4E52-87D2-E4E37FC6D95F}.Release|x64.ActiveCfg = Release|Any CPU
		{6D8FAFA1-0BA5-4E52-87D2-E4E37FC6D95F}.Release|x64.Build.0 = Release|Any CPU
		{6D8FAFA1-0BA5-4E52-87D2-E4E37FC6D95F}.Release|x86.ActiveCfg = Release|Any CPU
		{6D8FAFA1-0BA5-4E52-87D2-E4E37FC6D95F}.Release|x86.Build.0 = Release|Any CPU
		{A420D3A9-3725-4F4D-9185-2957F2F9F0A9}.Debug|Any CPU.ActiveCfg = Debug|Any CPU
		{A420D3A9-3725-4F4D-9185-2957F2F9F0A9}.Debug|Any CPU.Build.0 = Debug|Any CPU
		{A420D3A9-3725-4F4D-9185-2957F2F9F0A9}.Debug|x64.ActiveCfg = Debug|Any CPU
		{A420D3A9-3725-4F4D-9185-2957F2F9F0A9}.Debug|x64.Build.0 = Debug|Any CPU
		{A420D3A9-3725-4F4D-9185-2957F2F9F0A9}.Debug|x86.ActiveCfg = Debug|Any CPU
		{A420D3A9-3725-4F4D-9185-2957F2F9F0A9}.Debug|x86.Build.0 = Debug|Any CPU
		{A420D3A9-3725-4F4D-9185-2957F2F9F0A9}.DebugSlow|Any CPU.ActiveCfg = Debug|Any CPU
		{A420D3A9-3725-4F4D-9185-2957F2F9F0A9}.DebugSlow|Any CPU.Build.0 = Debug|Any CPU
		{A420D3A9-3725-4F4D-9185-2957F2F9F0A9}.DebugSlow|x64.ActiveCfg = Debug|Any CPU
		{A420D3A9-3725-4F4D-9185-2957F2F9F0A9}.DebugSlow|x64.Build.0 = Debug|Any CPU
		{A420D3A9-3725-4F4D-9185-2957F2F9F0A9}.DebugSlow|x86.ActiveCfg = Debug|Any CPU
		{A420D3A9-3725-4F4D-9185-2957F2F9F0A9}.DebugSlow|x86.Build.0 = Debug|Any CPU
		{A420D3A9-3725-4F4D-9185-2957F2F9F0A9}.Release|Any CPU.ActiveCfg = Release|Any CPU
		{A420D3A9-3725-4F4D-9185-2957F2F9F0A9}.Release|Any CPU.Build.0 = Release|Any CPU
		{A420D3A9-3725-4F4D-9185-2957F2F9F0A9}.Release|x64.ActiveCfg = Release|Any CPU
		{A420D3A9-3725-4F4D-9185-2957F2F9F0A9}.Release|x64.Build.0 = Release|Any CPU
		{A420D3A9-3725-4F4D-9185-2957F2F9F0A9}.Release|x86.ActiveCfg = Release|Any CPU
		{A420D3A9-3725-4F4D-9185-2957F2F9F0A9}.Release|x86.Build.0 = Release|Any CPU
		{DA39CEE6-DA36-4D84-B7CB-8A29C04987B5}.Debug|Any CPU.ActiveCfg = Debug|Any CPU
		{DA39CEE6-DA36-4D84-B7CB-8A29C04987B5}.Debug|Any CPU.Build.0 = Debug|Any CPU
		{DA39CEE6-DA36-4D84-B7CB-8A29C04987B5}.Debug|x64.ActiveCfg = Debug|Any CPU
		{DA39CEE6-DA36-4D84-B7CB-8A29C04987B5}.Debug|x64.Build.0 = Debug|Any CPU
		{DA39CEE6-DA36-4D84-B7CB-8A29C04987B5}.Debug|x86.ActiveCfg = Debug|Any CPU
		{DA39CEE6-DA36-4D84-B7CB-8A29C04987B5}.Debug|x86.Build.0 = Debug|Any CPU
		{DA39CEE6-DA36-4D84-B7CB-8A29C04987B5}.DebugSlow|Any CPU.ActiveCfg = Debug|Any CPU
		{DA39CEE6-DA36-4D84-B7CB-8A29C04987B5}.DebugSlow|Any CPU.Build.0 = Debug|Any CPU
		{DA39CEE6-DA36-4D84-B7CB-8A29C04987B5}.DebugSlow|x64.ActiveCfg = Debug|Any CPU
		{DA39CEE6-DA36-4D84-B7CB-8A29C04987B5}.DebugSlow|x64.Build.0 = Debug|Any CPU
		{DA39CEE6-DA36-4D84-B7CB-8A29C04987B5}.DebugSlow|x86.ActiveCfg = Debug|Any CPU
		{DA39CEE6-DA36-4D84-B7CB-8A29C04987B5}.DebugSlow|x86.Build.0 = Debug|Any CPU
		{DA39CEE6-DA36-4D84-B7CB-8A29C04987B5}.Release|Any CPU.ActiveCfg = Release|Any CPU
		{DA39CEE6-DA36-4D84-B7CB-8A29C04987B5}.Release|Any CPU.Build.0 = Release|Any CPU
		{DA39CEE6-DA36-4D84-B7CB-8A29C04987B5}.Release|x64.ActiveCfg = Release|Any CPU
		{DA39CEE6-DA36-4D84-B7CB-8A29C04987B5}.Release|x64.Build.0 = Release|Any CPU
		{DA39CEE6-DA36-4D84-B7CB-8A29C04987B5}.Release|x86.ActiveCfg = Release|Any CPU
		{DA39CEE6-DA36-4D84-B7CB-8A29C04987B5}.Release|x86.Build.0 = Release|Any CPU
		{41638E72-A699-4474-9B1F-ACBEC8CA5FED}.Debug|Any CPU.ActiveCfg = Debug|Any CPU
		{41638E72-A699-4474-9B1F-ACBEC8CA5FED}.Debug|Any CPU.Build.0 = Debug|Any CPU
		{41638E72-A699-4474-9B1F-ACBEC8CA5FED}.Debug|x64.ActiveCfg = Debug|Any CPU
		{41638E72-A699-4474-9B1F-ACBEC8CA5FED}.Debug|x64.Build.0 = Debug|Any CPU
		{41638E72-A699-4474-9B1F-ACBEC8CA5FED}.Debug|x86.ActiveCfg = Debug|Any CPU
		{41638E72-A699-4474-9B1F-ACBEC8CA5FED}.Debug|x86.Build.0 = Debug|Any CPU
		{41638E72-A699-4474-9B1F-ACBEC8CA5FED}.DebugSlow|Any CPU.ActiveCfg = Debug|Any CPU
		{41638E72-A699-4474-9B1F-ACBEC8CA5FED}.DebugSlow|Any CPU.Build.0 = Debug|Any CPU
		{41638E72-A699-4474-9B1F-ACBEC8CA5FED}.DebugSlow|x64.ActiveCfg = Debug|Any CPU
		{41638E72-A699-4474-9B1F-ACBEC8CA5FED}.DebugSlow|x64.Build.0 = Debug|Any CPU
		{41638E72-A699-4474-9B1F-ACBEC8CA5FED}.DebugSlow|x86.ActiveCfg = Debug|Any CPU
		{41638E72-A699-4474-9B1F-ACBEC8CA5FED}.DebugSlow|x86.Build.0 = Debug|Any CPU
		{41638E72-A699-4474-9B1F-ACBEC8CA5FED}.Release|Any CPU.ActiveCfg = Release|Any CPU
		{41638E72-A699-4474-9B1F-ACBEC8CA5FED}.Release|Any CPU.Build.0 = Release|Any CPU
		{41638E72-A699-4474-9B1F-ACBEC8CA5FED}.Release|x64.ActiveCfg = Release|Any CPU
		{41638E72-A699-4474-9B1F-ACBEC8CA5FED}.Release|x64.Build.0 = Release|Any CPU
		{41638E72-A699-4474-9B1F-ACBEC8CA5FED}.Release|x86.ActiveCfg = Release|Any CPU
		{41638E72-A699-4474-9B1F-ACBEC8CA5FED}.Release|x86.Build.0 = Release|Any CPU
		{158BF4D6-90FE-404F-AC7C-718A7D74007B}.Debug|Any CPU.ActiveCfg = Debug|Any CPU
		{158BF4D6-90FE-404F-AC7C-718A7D74007B}.Debug|Any CPU.Build.0 = Debug|Any CPU
		{158BF4D6-90FE-404F-AC7C-718A7D74007B}.Debug|x64.ActiveCfg = Debug|Any CPU
		{158BF4D6-90FE-404F-AC7C-718A7D74007B}.Debug|x64.Build.0 = Debug|Any CPU
		{158BF4D6-90FE-404F-AC7C-718A7D74007B}.Debug|x86.ActiveCfg = Debug|Any CPU
		{158BF4D6-90FE-404F-AC7C-718A7D74007B}.Debug|x86.Build.0 = Debug|Any CPU
		{158BF4D6-90FE-404F-AC7C-718A7D74007B}.DebugSlow|Any CPU.ActiveCfg = Debug|Any CPU
		{158BF4D6-90FE-404F-AC7C-718A7D74007B}.DebugSlow|Any CPU.Build.0 = Debug|Any CPU
		{158BF4D6-90FE-404F-AC7C-718A7D74007B}.DebugSlow|x64.ActiveCfg = Debug|Any CPU
		{158BF4D6-90FE-404F-AC7C-718A7D74007B}.DebugSlow|x64.Build.0 = Debug|Any CPU
		{158BF4D6-90FE-404F-AC7C-718A7D74007B}.DebugSlow|x86.ActiveCfg = Debug|Any CPU
		{158BF4D6-90FE-404F-AC7C-718A7D74007B}.DebugSlow|x86.Build.0 = Debug|Any CPU
		{158BF4D6-90FE-404F-AC7C-718A7D74007B}.Release|Any CPU.ActiveCfg = Release|Any CPU
		{158BF4D6-90FE-404F-AC7C-718A7D74007B}.Release|Any CPU.Build.0 = Release|Any CPU
		{158BF4D6-90FE-404F-AC7C-718A7D74007B}.Release|x64.ActiveCfg = Release|Any CPU
		{158BF4D6-90FE-404F-AC7C-718A7D74007B}.Release|x64.Build.0 = Release|Any CPU
		{158BF4D6-90FE-404F-AC7C-718A7D74007B}.Release|x86.ActiveCfg = Release|Any CPU
		{158BF4D6-90FE-404F-AC7C-718A7D74007B}.Release|x86.Build.0 = Release|Any CPU
		{1C237091-3C10-4D14-956B-35740AC03BA6}.Debug|Any CPU.ActiveCfg = Debug|Any CPU
		{1C237091-3C10-4D14-956B-35740AC03BA6}.Debug|Any CPU.Build.0 = Debug|Any CPU
		{1C237091-3C10-4D14-956B-35740AC03BA6}.Debug|x64.ActiveCfg = Debug|Any CPU
		{1C237091-3C10-4D14-956B-35740AC03BA6}.Debug|x64.Build.0 = Debug|Any CPU
		{1C237091-3C10-4D14-956B-35740AC03BA6}.Debug|x86.ActiveCfg = Debug|Any CPU
		{1C237091-3C10-4D14-956B-35740AC03BA6}.Debug|x86.Build.0 = Debug|Any CPU
		{1C237091-3C10-4D14-956B-35740AC03BA6}.DebugSlow|Any CPU.ActiveCfg = Debug|Any CPU
		{1C237091-3C10-4D14-956B-35740AC03BA6}.DebugSlow|Any CPU.Build.0 = Debug|Any CPU
		{1C237091-3C10-4D14-956B-35740AC03BA6}.DebugSlow|x64.ActiveCfg = Debug|Any CPU
		{1C237091-3C10-4D14-956B-35740AC03BA6}.DebugSlow|x64.Build.0 = Debug|Any CPU
		{1C237091-3C10-4D14-956B-35740AC03BA6}.DebugSlow|x86.ActiveCfg = Debug|Any CPU
		{1C237091-3C10-4D14-956B-35740AC03BA6}.DebugSlow|x86.Build.0 = Debug|Any CPU
		{1C237091-3C10-4D14-956B-35740AC03BA6}.Release|Any CPU.ActiveCfg = Release|Any CPU
		{1C237091-3C10-4D14-956B-35740AC03BA6}.Release|Any CPU.Build.0 = Release|Any CPU
		{1C237091-3C10-4D14-956B-35740AC03BA6}.Release|x64.ActiveCfg = Release|Any CPU
		{1C237091-3C10-4D14-956B-35740AC03BA6}.Release|x64.Build.0 = Release|Any CPU
		{1C237091-3C10-4D14-956B-35740AC03BA6}.Release|x86.ActiveCfg = Release|Any CPU
		{1C237091-3C10-4D14-956B-35740AC03BA6}.Release|x86.Build.0 = Release|Any CPU
		{02E9FAE5-A358-4D44-82FD-F864E868B135}.Debug|Any CPU.ActiveCfg = Debug|Any CPU
		{02E9FAE5-A358-4D44-82FD-F864E868B135}.Debug|Any CPU.Build.0 = Debug|Any CPU
		{02E9FAE5-A358-4D44-82FD-F864E868B135}.Debug|x64.ActiveCfg = Debug|Any CPU
		{02E9FAE5-A358-4D44-82FD-F864E868B135}.Debug|x64.Build.0 = Debug|Any CPU
		{02E9FAE5-A358-4D44-82FD-F864E868B135}.Debug|x86.ActiveCfg = Debug|Any CPU
		{02E9FAE5-A358-4D44-82FD-F864E868B135}.Debug|x86.Build.0 = Debug|Any CPU
		{02E9FAE5-A358-4D44-82FD-F864E868B135}.DebugSlow|Any CPU.ActiveCfg = DebugSlow|Any CPU
		{02E9FAE5-A358-4D44-82FD-F864E868B135}.DebugSlow|Any CPU.Build.0 = DebugSlow|Any CPU
		{02E9FAE5-A358-4D44-82FD-F864E868B135}.DebugSlow|x64.ActiveCfg = DebugSlow|Any CPU
		{02E9FAE5-A358-4D44-82FD-F864E868B135}.DebugSlow|x64.Build.0 = DebugSlow|Any CPU
		{02E9FAE5-A358-4D44-82FD-F864E868B135}.DebugSlow|x86.ActiveCfg = DebugSlow|Any CPU
		{02E9FAE5-A358-4D44-82FD-F864E868B135}.DebugSlow|x86.Build.0 = DebugSlow|Any CPU
		{02E9FAE5-A358-4D44-82FD-F864E868B135}.Release|Any CPU.ActiveCfg = Release|Any CPU
		{02E9FAE5-A358-4D44-82FD-F864E868B135}.Release|Any CPU.Build.0 = Release|Any CPU
		{02E9FAE5-A358-4D44-82FD-F864E868B135}.Release|x64.ActiveCfg = Release|Any CPU
		{02E9FAE5-A358-4D44-82FD-F864E868B135}.Release|x64.Build.0 = Release|Any CPU
		{02E9FAE5-A358-4D44-82FD-F864E868B135}.Release|x86.ActiveCfg = Release|Any CPU
		{02E9FAE5-A358-4D44-82FD-F864E868B135}.Release|x86.Build.0 = Release|Any CPU
		{136D762B-33E1-4350-B2A3-00FE0D170CAE}.Debug|Any CPU.ActiveCfg = Debug|Any CPU
		{136D762B-33E1-4350-B2A3-00FE0D170CAE}.Debug|Any CPU.Build.0 = Debug|Any CPU
		{136D762B-33E1-4350-B2A3-00FE0D170CAE}.Debug|x64.ActiveCfg = Debug|Any CPU
		{136D762B-33E1-4350-B2A3-00FE0D170CAE}.Debug|x64.Build.0 = Debug|Any CPU
		{136D762B-33E1-4350-B2A3-00FE0D170CAE}.Debug|x86.ActiveCfg = Debug|Any CPU
		{136D762B-33E1-4350-B2A3-00FE0D170CAE}.Debug|x86.Build.0 = Debug|Any CPU
		{136D762B-33E1-4350-B2A3-00FE0D170CAE}.DebugSlow|Any CPU.ActiveCfg = Debug|Any CPU
		{136D762B-33E1-4350-B2A3-00FE0D170CAE}.DebugSlow|Any CPU.Build.0 = Debug|Any CPU
		{136D762B-33E1-4350-B2A3-00FE0D170CAE}.DebugSlow|x64.ActiveCfg = Debug|Any CPU
		{136D762B-33E1-4350-B2A3-00FE0D170CAE}.DebugSlow|x64.Build.0 = Debug|Any CPU
		{136D762B-33E1-4350-B2A3-00FE0D170CAE}.DebugSlow|x86.ActiveCfg = Debug|Any CPU
		{136D762B-33E1-4350-B2A3-00FE0D170CAE}.DebugSlow|x86.Build.0 = Debug|Any CPU
		{136D762B-33E1-4350-B2A3-00FE0D170CAE}.Release|Any CPU.ActiveCfg = Release|Any CPU
		{136D762B-33E1-4350-B2A3-00FE0D170CAE}.Release|Any CPU.Build.0 = Release|Any CPU
		{136D762B-33E1-4350-B2A3-00FE0D170CAE}.Release|x64.ActiveCfg = Release|Any CPU
		{136D762B-33E1-4350-B2A3-00FE0D170CAE}.Release|x64.Build.0 = Release|Any CPU
		{136D762B-33E1-4350-B2A3-00FE0D170CAE}.Release|x86.ActiveCfg = Release|Any CPU
		{136D762B-33E1-4350-B2A3-00FE0D170CAE}.Release|x86.Build.0 = Release|Any CPU
		{CC024318-080E-4CF3-8D46-479AE5EB6E25}.Debug|Any CPU.ActiveCfg = Debug|Any CPU
		{CC024318-080E-4CF3-8D46-479AE5EB6E25}.Debug|Any CPU.Build.0 = Debug|Any CPU
		{CC024318-080E-4CF3-8D46-479AE5EB6E25}.Debug|x64.ActiveCfg = Debug|Any CPU
		{CC024318-080E-4CF3-8D46-479AE5EB6E25}.Debug|x64.Build.0 = Debug|Any CPU
		{CC024318-080E-4CF3-8D46-479AE5EB6E25}.Debug|x86.ActiveCfg = Debug|Any CPU
		{CC024318-080E-4CF3-8D46-479AE5EB6E25}.Debug|x86.Build.0 = Debug|Any CPU
		{CC024318-080E-4CF3-8D46-479AE5EB6E25}.DebugSlow|Any CPU.ActiveCfg = Debug|Any CPU
		{CC024318-080E-4CF3-8D46-479AE5EB6E25}.DebugSlow|Any CPU.Build.0 = Debug|Any CPU
		{CC024318-080E-4CF3-8D46-479AE5EB6E25}.DebugSlow|x64.ActiveCfg = Debug|Any CPU
		{CC024318-080E-4CF3-8D46-479AE5EB6E25}.DebugSlow|x64.Build.0 = Debug|Any CPU
		{CC024318-080E-4CF3-8D46-479AE5EB6E25}.DebugSlow|x86.ActiveCfg = Debug|Any CPU
		{CC024318-080E-4CF3-8D46-479AE5EB6E25}.DebugSlow|x86.Build.0 = Debug|Any CPU
		{CC024318-080E-4CF3-8D46-479AE5EB6E25}.Release|Any CPU.ActiveCfg = Release|Any CPU
		{CC024318-080E-4CF3-8D46-479AE5EB6E25}.Release|Any CPU.Build.0 = Release|Any CPU
		{CC024318-080E-4CF3-8D46-479AE5EB6E25}.Release|x64.ActiveCfg = Release|Any CPU
		{CC024318-080E-4CF3-8D46-479AE5EB6E25}.Release|x64.Build.0 = Release|Any CPU
		{CC024318-080E-4CF3-8D46-479AE5EB6E25}.Release|x86.ActiveCfg = Release|Any CPU
		{CC024318-080E-4CF3-8D46-479AE5EB6E25}.Release|x86.Build.0 = Release|Any CPU
		{3C9D4F54-BF0F-4F65-831A-3B7C0B0E8304}.Debug|Any CPU.ActiveCfg = Debug|Any CPU
		{3C9D4F54-BF0F-4F65-831A-3B7C0B0E8304}.Debug|Any CPU.Build.0 = Debug|Any CPU
		{3C9D4F54-BF0F-4F65-831A-3B7C0B0E8304}.Debug|x64.ActiveCfg = Debug|Any CPU
		{3C9D4F54-BF0F-4F65-831A-3B7C0B0E8304}.Debug|x64.Build.0 = Debug|Any CPU
		{3C9D4F54-BF0F-4F65-831A-3B7C0B0E8304}.Debug|x86.ActiveCfg = Debug|Any CPU
		{3C9D4F54-BF0F-4F65-831A-3B7C0B0E8304}.Debug|x86.Build.0 = Debug|Any CPU
		{3C9D4F54-BF0F-4F65-831A-3B7C0B0E8304}.DebugSlow|Any CPU.ActiveCfg = Debug|Any CPU
		{3C9D4F54-BF0F-4F65-831A-3B7C0B0E8304}.DebugSlow|Any CPU.Build.0 = Debug|Any CPU
		{3C9D4F54-BF0F-4F65-831A-3B7C0B0E8304}.DebugSlow|x64.ActiveCfg = Debug|Any CPU
		{3C9D4F54-BF0F-4F65-831A-3B7C0B0E8304}.DebugSlow|x64.Build.0 = Debug|Any CPU
		{3C9D4F54-BF0F-4F65-831A-3B7C0B0E8304}.DebugSlow|x86.ActiveCfg = Debug|Any CPU
		{3C9D4F54-BF0F-4F65-831A-3B7C0B0E8304}.DebugSlow|x86.Build.0 = Debug|Any CPU
		{3C9D4F54-BF0F-4F65-831A-3B7C0B0E8304}.Release|Any CPU.ActiveCfg = Release|Any CPU
		{3C9D4F54-BF0F-4F65-831A-3B7C0B0E8304}.Release|Any CPU.Build.0 = Release|Any CPU
		{3C9D4F54-BF0F-4F65-831A-3B7C0B0E8304}.Release|x64.ActiveCfg = Release|Any CPU
		{3C9D4F54-BF0F-4F65-831A-3B7C0B0E8304}.Release|x64.Build.0 = Release|Any CPU
		{3C9D4F54-BF0F-4F65-831A-3B7C0B0E8304}.Release|x86.ActiveCfg = Release|Any CPU
		{3C9D4F54-BF0F-4F65-831A-3B7C0B0E8304}.Release|x86.Build.0 = Release|Any CPU
	EndGlobalSection
	GlobalSection(SolutionProperties) = preSolution
		HideSolutionNode = FALSE
	EndGlobalSection
	GlobalSection(ExtensibilityGlobals) = postSolution
		SolutionGuid = {A6054B71-0BA2-4582-9B76-805D46670242}
	EndGlobalSection
EndGlobal
