
Microsoft Visual Studio Solution File, Format Version 12.00
# Visual Studio Version 16
VisualStudioVersion = 16.0.32002.261
MinimumVisualStudioVersion = 10.0.40219.1
Project("{9A19103F-16F7-4668-BE54-9A1E7A4F7556}") = "AasxServerCore", "AasxServerCore\AasxServerCore.csproj", "{7C0704A8-85C7-4FC9-B12D-C7B9E63EF7B6}"
EndProject
Project("{9A19103F-16F7-4668-BE54-9A1E7A4F7556}") = "AasxServerWindows", "AasxServerWindows\AasxServerWindows.csproj", "{2315B8C5-B648-4730-8C2E-1346E4C4BADD}"
EndProject
Project("{9A19103F-16F7-4668-BE54-9A1E7A4F7556}") = "AasxServerStandardBib", "AasxServerStandardBib\AasxServerStandardBib.csproj", "{6D8FAFA1-0BA5-4E52-87D2-E4E37FC6D95F}"
EndProject
Project("{2150E333-8FDC-42A3-9474-1A3956D46DE8}") = "Solution Items", "Solution Items", "{B8C116C4-932B-4071-9DCC-D4F64E3C4E6F}"
	ProjectSection(SolutionItems) = preProject
		.gitignore = .gitignore
		README.md = README.md
	EndProjectSection
EndProject
Project("{9A19103F-16F7-4668-BE54-9A1E7A4F7556}") = "AasxServerBlazor", "AasxServerBlazor\AasxServerBlazor.csproj", "{53165247-64F7-4151-A1DA-347780E0A538}"
EndProject
Project("{9A19103F-16F7-4668-BE54-9A1E7A4F7556}") = "IO.Swagger", "IO.Swagger\IO.Swagger.csproj", "{478697A0-89E4-4039-902E-0F13EA4EAD72}"
EndProject
Global
	GlobalSection(SolutionConfigurationPlatforms) = preSolution
		Debug|Any CPU = Debug|Any CPU
		Debug|x64 = Debug|x64
		Debug|x86 = Debug|x86
		Release|Any CPU = Release|Any CPU
		Release|x64 = Release|x64
		Release|x86 = Release|x86
	EndGlobalSection
	GlobalSection(ProjectConfigurationPlatforms) = postSolution
		{7C0704A8-85C7-4FC9-B12D-C7B9E63EF7B6}.Debug|Any CPU.ActiveCfg = Debug|Any CPU
		{7C0704A8-85C7-4FC9-B12D-C7B9E63EF7B6}.Debug|Any CPU.Build.0 = Debug|Any CPU
		{7C0704A8-85C7-4FC9-B12D-C7B9E63EF7B6}.Debug|x64.ActiveCfg = Debug|Any CPU
		{7C0704A8-85C7-4FC9-B12D-C7B9E63EF7B6}.Debug|x64.Build.0 = Debug|Any CPU
		{7C0704A8-85C7-4FC9-B12D-C7B9E63EF7B6}.Debug|x86.ActiveCfg = Debug|Any CPU
		{7C0704A8-85C7-4FC9-B12D-C7B9E63EF7B6}.Debug|x86.Build.0 = Debug|Any CPU
		{7C0704A8-85C7-4FC9-B12D-C7B9E63EF7B6}.Release|Any CPU.ActiveCfg = Release|Any CPU
		{7C0704A8-85C7-4FC9-B12D-C7B9E63EF7B6}.Release|Any CPU.Build.0 = Release|Any CPU
		{7C0704A8-85C7-4FC9-B12D-C7B9E63EF7B6}.Release|x64.ActiveCfg = Release|Any CPU
		{7C0704A8-85C7-4FC9-B12D-C7B9E63EF7B6}.Release|x64.Build.0 = Release|Any CPU
		{7C0704A8-85C7-4FC9-B12D-C7B9E63EF7B6}.Release|x86.ActiveCfg = Release|Any CPU
		{7C0704A8-85C7-4FC9-B12D-C7B9E63EF7B6}.Release|x86.Build.0 = Release|Any CPU
		{2315B8C5-B648-4730-8C2E-1346E4C4BADD}.Debug|Any CPU.ActiveCfg = Debug|Any CPU
		{2315B8C5-B648-4730-8C2E-1346E4C4BADD}.Debug|Any CPU.Build.0 = Debug|Any CPU
		{2315B8C5-B648-4730-8C2E-1346E4C4BADD}.Debug|x64.ActiveCfg = Debug|Any CPU
		{2315B8C5-B648-4730-8C2E-1346E4C4BADD}.Debug|x64.Build.0 = Debug|Any CPU
		{2315B8C5-B648-4730-8C2E-1346E4C4BADD}.Debug|x86.ActiveCfg = Debug|Any CPU
		{2315B8C5-B648-4730-8C2E-1346E4C4BADD}.Debug|x86.Build.0 = Debug|Any CPU
		{2315B8C5-B648-4730-8C2E-1346E4C4BADD}.Release|Any CPU.ActiveCfg = Release|Any CPU
		{2315B8C5-B648-4730-8C2E-1346E4C4BADD}.Release|Any CPU.Build.0 = Release|Any CPU
		{2315B8C5-B648-4730-8C2E-1346E4C4BADD}.Release|x64.ActiveCfg = Release|Any CPU
		{2315B8C5-B648-4730-8C2E-1346E4C4BADD}.Release|x64.Build.0 = Release|Any CPU
		{2315B8C5-B648-4730-8C2E-1346E4C4BADD}.Release|x86.ActiveCfg = Release|Any CPU
		{2315B8C5-B648-4730-8C2E-1346E4C4BADD}.Release|x86.Build.0 = Release|Any CPU
		{6D8FAFA1-0BA5-4E52-87D2-E4E37FC6D95F}.Debug|Any CPU.ActiveCfg = Debug|Any CPU
		{6D8FAFA1-0BA5-4E52-87D2-E4E37FC6D95F}.Debug|Any CPU.Build.0 = Debug|Any CPU
		{6D8FAFA1-0BA5-4E52-87D2-E4E37FC6D95F}.Debug|x64.ActiveCfg = Debug|Any CPU
		{6D8FAFA1-0BA5-4E52-87D2-E4E37FC6D95F}.Debug|x64.Build.0 = Debug|Any CPU
		{6D8FAFA1-0BA5-4E52-87D2-E4E37FC6D95F}.Debug|x86.ActiveCfg = Debug|Any CPU
		{6D8FAFA1-0BA5-4E52-87D2-E4E37FC6D95F}.Debug|x86.Build.0 = Debug|Any CPU
		{6D8FAFA1-0BA5-4E52-87D2-E4E37FC6D95F}.Release|Any CPU.ActiveCfg = Release|Any CPU
		{6D8FAFA1-0BA5-4E52-87D2-E4E37FC6D95F}.Release|Any CPU.Build.0 = Release|Any CPU
		{6D8FAFA1-0BA5-4E52-87D2-E4E37FC6D95F}.Release|x64.ActiveCfg = Release|Any CPU
		{6D8FAFA1-0BA5-4E52-87D2-E4E37FC6D95F}.Release|x64.Build.0 = Release|Any CPU
		{6D8FAFA1-0BA5-4E52-87D2-E4E37FC6D95F}.Release|x86.ActiveCfg = Release|Any CPU
		{6D8FAFA1-0BA5-4E52-87D2-E4E37FC6D95F}.Release|x86.Build.0 = Release|Any CPU
		{53165247-64F7-4151-A1DA-347780E0A538}.Debug|Any CPU.ActiveCfg = Debug|Any CPU
		{53165247-64F7-4151-A1DA-347780E0A538}.Debug|Any CPU.Build.0 = Debug|Any CPU
		{53165247-64F7-4151-A1DA-347780E0A538}.Debug|x64.ActiveCfg = Debug|Any CPU
		{53165247-64F7-4151-A1DA-347780E0A538}.Debug|x64.Build.0 = Debug|Any CPU
		{53165247-64F7-4151-A1DA-347780E0A538}.Debug|x86.ActiveCfg = Debug|Any CPU
		{53165247-64F7-4151-A1DA-347780E0A538}.Debug|x86.Build.0 = Debug|Any CPU
		{53165247-64F7-4151-A1DA-347780E0A538}.Release|Any CPU.ActiveCfg = Release|Any CPU
		{53165247-64F7-4151-A1DA-347780E0A538}.Release|Any CPU.Build.0 = Release|Any CPU
		{53165247-64F7-4151-A1DA-347780E0A538}.Release|x64.ActiveCfg = Release|Any CPU
		{53165247-64F7-4151-A1DA-347780E0A538}.Release|x64.Build.0 = Release|Any CPU
		{53165247-64F7-4151-A1DA-347780E0A538}.Release|x86.ActiveCfg = Release|Any CPU
		{53165247-64F7-4151-A1DA-347780E0A538}.Release|x86.Build.0 = Release|Any CPU
		{478697A0-89E4-4039-902E-0F13EA4EAD72}.Debug|Any CPU.ActiveCfg = Debug|Any CPU
		{478697A0-89E4-4039-902E-0F13EA4EAD72}.Debug|Any CPU.Build.0 = Debug|Any CPU
		{478697A0-89E4-4039-902E-0F13EA4EAD72}.Debug|x64.ActiveCfg = Debug|Any CPU
		{478697A0-89E4-4039-902E-0F13EA4EAD72}.Debug|x64.Build.0 = Debug|Any CPU
		{478697A0-89E4-4039-902E-0F13EA4EAD72}.Debug|x86.ActiveCfg = Debug|Any CPU
		{478697A0-89E4-4039-902E-0F13EA4EAD72}.Debug|x86.Build.0 = Debug|Any CPU
		{478697A0-89E4-4039-902E-0F13EA4EAD72}.Release|Any CPU.ActiveCfg = Release|Any CPU
		{478697A0-89E4-4039-902E-0F13EA4EAD72}.Release|Any CPU.Build.0 = Release|Any CPU
		{478697A0-89E4-4039-902E-0F13EA4EAD72}.Release|x64.ActiveCfg = Release|Any CPU
		{478697A0-89E4-4039-902E-0F13EA4EAD72}.Release|x64.Build.0 = Release|Any CPU
		{478697A0-89E4-4039-902E-0F13EA4EAD72}.Release|x86.ActiveCfg = Release|Any CPU
		{478697A0-89E4-4039-902E-0F13EA4EAD72}.Release|x86.Build.0 = Release|Any CPU
	EndGlobalSection
	GlobalSection(SolutionProperties) = preSolution
		HideSolutionNode = FALSE
	EndGlobalSection
	GlobalSection(ExtensibilityGlobals) = postSolution
		SolutionGuid = {A6054B71-0BA2-4582-9B76-805D46670242}
	EndGlobalSection
EndGlobal
