
Microsoft Visual Studio Solution File, Format Version 12.00
# Visual Studio Version 17
VisualStudioVersion = 17.2.32616.157
MinimumVisualStudioVersion = 10.0.40219.1
Project("{9A19103F-16F7-4668-BE54-9A1E7A4F7556}") = "AasxServerStandardBib", "AasxServerStandardBib\AasxServerStandardBib.csproj", "{6D8FAFA1-0BA5-4E52-87D2-E4E37FC6D95F}"
EndProject
Project("{2150E333-8FDC-42A3-9474-1A3956D46DE8}") = "Solution Items", "Solution Items", "{B8C116C4-932B-4071-9DCC-D4F64E3C4E6F}"
	ProjectSection(SolutionItems) = preProject
		..\CHANGELOG.md = ..\CHANGELOG.md
		..\README.md = ..\README.md
		..\CONTRIBUTING.md = ..\CONTRIBUTING.md
		..\LICENSE.TXT = ..\LICENSE.TXT
		..\CONTRIBUTORS.md = ..\CONTRIBUTORS.md
		current_version.cfg = current_version.cfg
		global.json = global.json
		..\.gitignore = ..\.gitignore
		.editorconfig = .editorconfig
		..\SECURITY.md = ..\SECURITY.md
	EndProjectSection
EndProject
Project("{9A19103F-16F7-4668-BE54-9A1E7A4F7556}") = "jsoncanonicalizer", "jsoncanonicalizer\jsoncanonicalizer.csproj", "{A420D3A9-3725-4F4D-9185-2957F2F9F0A9}"
EndProject
Project("{9A19103F-16F7-4668-BE54-9A1E7A4F7556}") = "es6numberserializer", "es6numberserializer\es6numberserializer.csproj", "{DA39CEE6-DA36-4D84-B7CB-8A29C04987B5}"
EndProject
Project("{9A19103F-16F7-4668-BE54-9A1E7A4F7556}") = "AasxCsharpLibrary", "AasxCsharpLibrary\AasxCsharpLibrary.csproj", "{41638E72-A699-4474-9B1F-ACBEC8CA5FED}"
EndProject
Project("{9A19103F-16F7-4668-BE54-9A1E7A4F7556}") = "AasxServerBlazor", "AasxServerBlazor\AasxServerBlazor.csproj", "{158BF4D6-90FE-404F-AC7C-718A7D74007B}"
EndProject
Project("{9A19103F-16F7-4668-BE54-9A1E7A4F7556}") = "IO.Swagger.Lib.V3", "IO.Swagger.Lib.V3\IO.Swagger.Lib.V3.csproj", "{1C237091-3C10-4D14-956B-35740AC03BA6}"
EndProject
Project("{9A19103F-16F7-4668-BE54-9A1E7A4F7556}") = "AasCore.Aas3_0", "AasCore.Aas3_0\AasCore.Aas3_0.csproj", "{02E9FAE5-A358-4D44-82FD-F864E868B135}"
EndProject
Project("{9A19103F-16F7-4668-BE54-9A1E7A4F7556}") = "DataTransferObjects", "DataTransferObjects\DataTransferObjects.csproj", "{136D762B-33E1-4350-B2A3-00FE0D170CAE}"
EndProject
Project("{9A19103F-16F7-4668-BE54-9A1E7A4F7556}") = "AasSecurity", "AasSecurity\AasSecurity.csproj", "{CC024318-080E-4CF3-8D46-479AE5EB6E25}"
EndProject
Project("{9A19103F-16F7-4668-BE54-9A1E7A4F7556}") = "IO.Swagger.Registry.Lib.V3", "IO.Swagger.Registry.Lib.V3\IO.Swagger.Registry.Lib.V3.csproj", "{3C9D4F54-BF0F-4F65-831A-3B7C0B0E8304}"
EndProject
Project("{9A19103F-16F7-4668-BE54-9A1E7A4F7556}") = "ExampleClient", "ExampleClient\ExampleClient.csproj", "{0AC394F6-EA59-4400-8C9D-3A97E77A94A4}"
EndProject
Project("{9A19103F-16F7-4668-BE54-9A1E7A4F7556}") = "AasxServerAspNetCore", "AasxServerAspNetCore\AasxServerAspNetCore.csproj", "{D467D497-18D8-4E26-8671-8AC73BE9AC4F}"
EndProject
Project("{9A19103F-16F7-4668-BE54-9A1E7A4F7556}") = "AasxServerDB", "AasxServerDB\AasxServerDB.csproj", "{C6A5D01E-BD5C-46DF-875C-E32E9C82342E}"
EndProject
Project("{2150E333-8FDC-42A3-9474-1A3956D46DE8}") = ".github", ".github", "{F847719C-7CF2-40D5-BF7B-6F51E551E13F}"
	ProjectSection(SolutionItems) = preProject
		..\.github\pull_request_template.md = ..\.github\pull_request_template.md
		..\.github\changelog_configuration.json = ..\.github\changelog_configuration.json
	EndProjectSection
EndProject
Project("{2150E333-8FDC-42A3-9474-1A3956D46DE8}") = "issue_templates", "issue_templates", "{6F3BB70E-0095-4D58-AE5E-D7D02FD7BB01}"
	ProjectSection(SolutionItems) = preProject
		..\.github\ISSUE_TEMPLATE\BugReport.yml = ..\.github\ISSUE_TEMPLATE\BugReport.yml
		..\.github\ISSUE_TEMPLATE\FeatureRequest.yml = ..\.github\ISSUE_TEMPLATE\FeatureRequest.yml
		..\.github\ISSUE_TEMPLATE\Questions_and_help.md = ..\.github\ISSUE_TEMPLATE\Questions_and_help.md
	EndProjectSection
EndProject
Project("{2150E333-8FDC-42A3-9474-1A3956D46DE8}") = "workflows", "workflows", "{01BD6F10-2DE0-4D88-8EB0-62705AE8F6FC}"
	ProjectSection(SolutionItems) = preProject
		..\.github\workflows\build-and-publish-docker-images.yml = ..\.github\workflows\build-and-publish-docker-images.yml
		..\.github\workflows\check-release.yml = ..\.github\workflows\check-release.yml
		..\.github\workflows\draft-release-on-merge-to-release-branch.yml = ..\.github\workflows\draft-release-on-merge-to-release-branch.yml
		..\.github\workflows\prerelease-on-merge-to-main.yml = ..\.github\workflows\prerelease-on-merge-to-main.yml
		..\.github\workflows\code-analysis.yml = ..\.github\workflows\code-analysis.yml
		..\.github\workflows\create-developer-prerelease.yml = ..\.github\workflows\create-developer-prerelease.yml
	EndProjectSection
EndProject
Project("{2150E333-8FDC-42A3-9474-1A3956D46DE8}") = "ProjectScripts", "ProjectScripts", "{39F9287F-CBC6-4F56-AA55-81A013A89AAE}"
	ProjectSection(SolutionItems) = preProject
		AdditionalVerbsInImperativeMood.txt = AdditionalVerbsInImperativeMood.txt
		BuildDockerImages.ps1 = BuildDockerImages.ps1
		BuildForRelease.ps1 = BuildForRelease.ps1
		Check.ps1 = Check.ps1
		CheckFormat.ps1 = CheckFormat.ps1
		CheckHelpInReadme.ps1 = CheckHelpInReadme.ps1
		Common.psm1 = Common.psm1
		CopyLicense.ps1 = CopyLicense.ps1
		FormatCode.ps1 = FormatCode.ps1
		PackageRelease.ps1 = PackageRelease.ps1
		BuildVersionNumber.ps1 = BuildVersionNumber.ps1
		UpdateProjectVersions.ps1 = UpdateProjectVersions.ps1
	EndProjectSection
EndProject
Project("{2150E333-8FDC-42A3-9474-1A3956D46DE8}") = "Docker", "Docker", "{9787F0F9-A50D-4E8E-8AEA-BC7242740BE9}"
	ProjectSection(SolutionItems) = preProject
		docker\docker-compose.yaml = docker\docker-compose.yaml
		docker\docker-compose-demo.yaml = docker\docker-compose-demo.yaml
		docker\Dockerfile-AasxServerAspNetCore = docker\Dockerfile-AasxServerAspNetCore
		docker\Dockerfile-AasxServerBlazor = docker\Dockerfile-AasxServerBlazor
	EndProjectSection
EndProject
Project("{FAE04EC0-301F-11D3-BF4B-00C04F79EFBC}") = "AasSecurityTests", "AasSecurityTests\AasSecurityTests.csproj", "{716CC065-F58C-455E-8079-3A21C59D42E3}"
EndProject
Project("{FAE04EC0-301F-11D3-BF4B-00C04F79EFBC}") = "IO.Swagger.Lib.V3.Tests", "IO.Swagger.Lib.V3.Tests\IO.Swagger.Lib.V3.Tests.csproj", "{64148CC9-DE3E-465A-98E8-370431226E70}"
EndProject
Project("{FAE04EC0-301F-11D3-BF4B-00C04F79EFBC}") = "IO.Swagger.Registry.Lib.V3.Tests", "IO.Swagger.Registry.Lib.V3.Tests\IO.Swagger.Registry.Lib.V3.Tests.csproj", "{CF9C2ABA-944C-46EB-8788-346D432321D5}"
EndProject
Project("{FAE04EC0-301F-11D3-BF4B-00C04F79EFBC}") = "AasxServerBlazorTests", "AasxServerBlazorTests\AasxServerBlazorTests.csproj", "{731275DC-5730-49FB-A721-3A39EE3F516E}"
EndProject
Project("{FAE04EC0-301F-11D3-BF4B-00C04F79EFBC}") = "AasxCsharpLibrary.Tests", "AasxCsharpLibrary.Tests\AasxCsharpLibrary.Tests.csproj", "{B9B7BFEC-AEBB-42DB-A1C5-DAB16029F850}"
EndProject
Global
	GlobalSection(SolutionConfigurationPlatforms) = preSolution
		Debug|Any CPU = Debug|Any CPU
		Debug|x64 = Debug|x64
		Debug|x86 = Debug|x86
		DebugSlow|Any CPU = DebugSlow|Any CPU
		DebugSlow|x64 = DebugSlow|x64
		DebugSlow|x86 = DebugSlow|x86
		Release|Any CPU = Release|Any CPU
		Release|x64 = Release|x64
		Release|x86 = Release|x86
	EndGlobalSection
	GlobalSection(ProjectConfigurationPlatforms) = postSolution
		{6D8FAFA1-0BA5-4E52-87D2-E4E37FC6D95F}.Debug|Any CPU.ActiveCfg = Debug|Any CPU
		{6D8FAFA1-0BA5-4E52-87D2-E4E37FC6D95F}.Debug|Any CPU.Build.0 = Debug|Any CPU
		{6D8FAFA1-0BA5-4E52-87D2-E4E37FC6D95F}.Debug|x64.ActiveCfg = Debug|Any CPU
		{6D8FAFA1-0BA5-4E52-87D2-E4E37FC6D95F}.Debug|x64.Build.0 = Debug|Any CPU
		{6D8FAFA1-0BA5-4E52-87D2-E4E37FC6D95F}.Debug|x86.ActiveCfg = Debug|Any CPU
		{6D8FAFA1-0BA5-4E52-87D2-E4E37FC6D95F}.Debug|x86.Build.0 = Debug|Any CPU
		{6D8FAFA1-0BA5-4E52-87D2-E4E37FC6D95F}.DebugSlow|Any CPU.ActiveCfg = Debug|Any CPU
		{6D8FAFA1-0BA5-4E52-87D2-E4E37FC6D95F}.DebugSlow|Any CPU.Build.0 = Debug|Any CPU
		{6D8FAFA1-0BA5-4E52-87D2-E4E37FC6D95F}.DebugSlow|x64.ActiveCfg = Debug|Any CPU
		{6D8FAFA1-0BA5-4E52-87D2-E4E37FC6D95F}.DebugSlow|x64.Build.0 = Debug|Any CPU
		{6D8FAFA1-0BA5-4E52-87D2-E4E37FC6D95F}.DebugSlow|x86.ActiveCfg = Debug|Any CPU
		{6D8FAFA1-0BA5-4E52-87D2-E4E37FC6D95F}.DebugSlow|x86.Build.0 = Debug|Any CPU
		{6D8FAFA1-0BA5-4E52-87D2-E4E37FC6D95F}.Release|Any CPU.ActiveCfg = Release|Any CPU
		{6D8FAFA1-0BA5-4E52-87D2-E4E37FC6D95F}.Release|Any CPU.Build.0 = Release|Any CPU
		{6D8FAFA1-0BA5-4E52-87D2-E4E37FC6D95F}.Release|x64.ActiveCfg = Release|Any CPU
		{6D8FAFA1-0BA5-4E52-87D2-E4E37FC6D95F}.Release|x64.Build.0 = Release|Any CPU
		{6D8FAFA1-0BA5-4E52-87D2-E4E37FC6D95F}.Release|x86.ActiveCfg = Release|Any CPU
		{6D8FAFA1-0BA5-4E52-87D2-E4E37FC6D95F}.Release|x86.Build.0 = Release|Any CPU
		{A420D3A9-3725-4F4D-9185-2957F2F9F0A9}.Debug|Any CPU.ActiveCfg = Debug|Any CPU
		{A420D3A9-3725-4F4D-9185-2957F2F9F0A9}.Debug|Any CPU.Build.0 = Debug|Any CPU
		{A420D3A9-3725-4F4D-9185-2957F2F9F0A9}.Debug|x64.ActiveCfg = Debug|Any CPU
		{A420D3A9-3725-4F4D-9185-2957F2F9F0A9}.Debug|x64.Build.0 = Debug|Any CPU
		{A420D3A9-3725-4F4D-9185-2957F2F9F0A9}.Debug|x86.ActiveCfg = Debug|Any CPU
		{A420D3A9-3725-4F4D-9185-2957F2F9F0A9}.Debug|x86.Build.0 = Debug|Any CPU
		{A420D3A9-3725-4F4D-9185-2957F2F9F0A9}.DebugSlow|Any CPU.ActiveCfg = Debug|Any CPU
		{A420D3A9-3725-4F4D-9185-2957F2F9F0A9}.DebugSlow|Any CPU.Build.0 = Debug|Any CPU
		{A420D3A9-3725-4F4D-9185-2957F2F9F0A9}.DebugSlow|x64.ActiveCfg = Debug|Any CPU
		{A420D3A9-3725-4F4D-9185-2957F2F9F0A9}.DebugSlow|x64.Build.0 = Debug|Any CPU
		{A420D3A9-3725-4F4D-9185-2957F2F9F0A9}.DebugSlow|x86.ActiveCfg = Debug|Any CPU
		{A420D3A9-3725-4F4D-9185-2957F2F9F0A9}.DebugSlow|x86.Build.0 = Debug|Any CPU
		{A420D3A9-3725-4F4D-9185-2957F2F9F0A9}.Release|Any CPU.ActiveCfg = Release|Any CPU
		{A420D3A9-3725-4F4D-9185-2957F2F9F0A9}.Release|Any CPU.Build.0 = Release|Any CPU
		{A420D3A9-3725-4F4D-9185-2957F2F9F0A9}.Release|x64.ActiveCfg = Release|Any CPU
		{A420D3A9-3725-4F4D-9185-2957F2F9F0A9}.Release|x64.Build.0 = Release|Any CPU
		{A420D3A9-3725-4F4D-9185-2957F2F9F0A9}.Release|x86.ActiveCfg = Release|Any CPU
		{A420D3A9-3725-4F4D-9185-2957F2F9F0A9}.Release|x86.Build.0 = Release|Any CPU
		{DA39CEE6-DA36-4D84-B7CB-8A29C04987B5}.Debug|Any CPU.ActiveCfg = Debug|Any CPU
		{DA39CEE6-DA36-4D84-B7CB-8A29C04987B5}.Debug|Any CPU.Build.0 = Debug|Any CPU
		{DA39CEE6-DA36-4D84-B7CB-8A29C04987B5}.Debug|x64.ActiveCfg = Debug|Any CPU
		{DA39CEE6-DA36-4D84-B7CB-8A29C04987B5}.Debug|x64.Build.0 = Debug|Any CPU
		{DA39CEE6-DA36-4D84-B7CB-8A29C04987B5}.Debug|x86.ActiveCfg = Debug|Any CPU
		{DA39CEE6-DA36-4D84-B7CB-8A29C04987B5}.Debug|x86.Build.0 = Debug|Any CPU
		{DA39CEE6-DA36-4D84-B7CB-8A29C04987B5}.DebugSlow|Any CPU.ActiveCfg = Debug|Any CPU
		{DA39CEE6-DA36-4D84-B7CB-8A29C04987B5}.DebugSlow|Any CPU.Build.0 = Debug|Any CPU
		{DA39CEE6-DA36-4D84-B7CB-8A29C04987B5}.DebugSlow|x64.ActiveCfg = Debug|Any CPU
		{DA39CEE6-DA36-4D84-B7CB-8A29C04987B5}.DebugSlow|x64.Build.0 = Debug|Any CPU
		{DA39CEE6-DA36-4D84-B7CB-8A29C04987B5}.DebugSlow|x86.ActiveCfg = Debug|Any CPU
		{DA39CEE6-DA36-4D84-B7CB-8A29C04987B5}.DebugSlow|x86.Build.0 = Debug|Any CPU
		{DA39CEE6-DA36-4D84-B7CB-8A29C04987B5}.Release|Any CPU.ActiveCfg = Release|Any CPU
		{DA39CEE6-DA36-4D84-B7CB-8A29C04987B5}.Release|Any CPU.Build.0 = Release|Any CPU
		{DA39CEE6-DA36-4D84-B7CB-8A29C04987B5}.Release|x64.ActiveCfg = Release|Any CPU
		{DA39CEE6-DA36-4D84-B7CB-8A29C04987B5}.Release|x64.Build.0 = Release|Any CPU
		{DA39CEE6-DA36-4D84-B7CB-8A29C04987B5}.Release|x86.ActiveCfg = Release|Any CPU
		{DA39CEE6-DA36-4D84-B7CB-8A29C04987B5}.Release|x86.Build.0 = Release|Any CPU
		{41638E72-A699-4474-9B1F-ACBEC8CA5FED}.Debug|Any CPU.ActiveCfg = Debug|Any CPU
		{41638E72-A699-4474-9B1F-ACBEC8CA5FED}.Debug|Any CPU.Build.0 = Debug|Any CPU
		{41638E72-A699-4474-9B1F-ACBEC8CA5FED}.Debug|x64.ActiveCfg = Debug|Any CPU
		{41638E72-A699-4474-9B1F-ACBEC8CA5FED}.Debug|x64.Build.0 = Debug|Any CPU
		{41638E72-A699-4474-9B1F-ACBEC8CA5FED}.Debug|x86.ActiveCfg = Debug|Any CPU
		{41638E72-A699-4474-9B1F-ACBEC8CA5FED}.Debug|x86.Build.0 = Debug|Any CPU
		{41638E72-A699-4474-9B1F-ACBEC8CA5FED}.DebugSlow|Any CPU.ActiveCfg = Debug|Any CPU
		{41638E72-A699-4474-9B1F-ACBEC8CA5FED}.DebugSlow|Any CPU.Build.0 = Debug|Any CPU
		{41638E72-A699-4474-9B1F-ACBEC8CA5FED}.DebugSlow|x64.ActiveCfg = Debug|Any CPU
		{41638E72-A699-4474-9B1F-ACBEC8CA5FED}.DebugSlow|x64.Build.0 = Debug|Any CPU
		{41638E72-A699-4474-9B1F-ACBEC8CA5FED}.DebugSlow|x86.ActiveCfg = Debug|Any CPU
		{41638E72-A699-4474-9B1F-ACBEC8CA5FED}.DebugSlow|x86.Build.0 = Debug|Any CPU
		{41638E72-A699-4474-9B1F-ACBEC8CA5FED}.Release|Any CPU.ActiveCfg = Release|Any CPU
		{41638E72-A699-4474-9B1F-ACBEC8CA5FED}.Release|Any CPU.Build.0 = Release|Any CPU
		{41638E72-A699-4474-9B1F-ACBEC8CA5FED}.Release|x64.ActiveCfg = Release|Any CPU
		{41638E72-A699-4474-9B1F-ACBEC8CA5FED}.Release|x64.Build.0 = Release|Any CPU
		{41638E72-A699-4474-9B1F-ACBEC8CA5FED}.Release|x86.ActiveCfg = Release|Any CPU
		{41638E72-A699-4474-9B1F-ACBEC8CA5FED}.Release|x86.Build.0 = Release|Any CPU
		{158BF4D6-90FE-404F-AC7C-718A7D74007B}.Debug|Any CPU.ActiveCfg = Debug|Any CPU
		{158BF4D6-90FE-404F-AC7C-718A7D74007B}.Debug|Any CPU.Build.0 = Debug|Any CPU
		{158BF4D6-90FE-404F-AC7C-718A7D74007B}.Debug|x64.ActiveCfg = Debug|Any CPU
		{158BF4D6-90FE-404F-AC7C-718A7D74007B}.Debug|x64.Build.0 = Debug|Any CPU
		{158BF4D6-90FE-404F-AC7C-718A7D74007B}.Debug|x86.ActiveCfg = Debug|Any CPU
		{158BF4D6-90FE-404F-AC7C-718A7D74007B}.Debug|x86.Build.0 = Debug|Any CPU
		{158BF4D6-90FE-404F-AC7C-718A7D74007B}.DebugSlow|Any CPU.ActiveCfg = Debug|Any CPU
		{158BF4D6-90FE-404F-AC7C-718A7D74007B}.DebugSlow|Any CPU.Build.0 = Debug|Any CPU
		{158BF4D6-90FE-404F-AC7C-718A7D74007B}.DebugSlow|x64.ActiveCfg = Debug|Any CPU
		{158BF4D6-90FE-404F-AC7C-718A7D74007B}.DebugSlow|x64.Build.0 = Debug|Any CPU
		{158BF4D6-90FE-404F-AC7C-718A7D74007B}.DebugSlow|x86.ActiveCfg = Debug|Any CPU
		{158BF4D6-90FE-404F-AC7C-718A7D74007B}.DebugSlow|x86.Build.0 = Debug|Any CPU
		{158BF4D6-90FE-404F-AC7C-718A7D74007B}.Release|Any CPU.ActiveCfg = Release|Any CPU
		{158BF4D6-90FE-404F-AC7C-718A7D74007B}.Release|Any CPU.Build.0 = Release|Any CPU
		{158BF4D6-90FE-404F-AC7C-718A7D74007B}.Release|x64.ActiveCfg = Release|Any CPU
		{158BF4D6-90FE-404F-AC7C-718A7D74007B}.Release|x64.Build.0 = Release|Any CPU
		{158BF4D6-90FE-404F-AC7C-718A7D74007B}.Release|x86.ActiveCfg = Release|Any CPU
		{158BF4D6-90FE-404F-AC7C-718A7D74007B}.Release|x86.Build.0 = Release|Any CPU
		{1C237091-3C10-4D14-956B-35740AC03BA6}.Debug|Any CPU.ActiveCfg = Debug|Any CPU
		{1C237091-3C10-4D14-956B-35740AC03BA6}.Debug|Any CPU.Build.0 = Debug|Any CPU
		{1C237091-3C10-4D14-956B-35740AC03BA6}.Debug|x64.ActiveCfg = Debug|Any CPU
		{1C237091-3C10-4D14-956B-35740AC03BA6}.Debug|x64.Build.0 = Debug|Any CPU
		{1C237091-3C10-4D14-956B-35740AC03BA6}.Debug|x86.ActiveCfg = Debug|Any CPU
		{1C237091-3C10-4D14-956B-35740AC03BA6}.Debug|x86.Build.0 = Debug|Any CPU
		{1C237091-3C10-4D14-956B-35740AC03BA6}.DebugSlow|Any CPU.ActiveCfg = Debug|Any CPU
		{1C237091-3C10-4D14-956B-35740AC03BA6}.DebugSlow|Any CPU.Build.0 = Debug|Any CPU
		{1C237091-3C10-4D14-956B-35740AC03BA6}.DebugSlow|x64.ActiveCfg = Debug|Any CPU
		{1C237091-3C10-4D14-956B-35740AC03BA6}.DebugSlow|x64.Build.0 = Debug|Any CPU
		{1C237091-3C10-4D14-956B-35740AC03BA6}.DebugSlow|x86.ActiveCfg = Debug|Any CPU
		{1C237091-3C10-4D14-956B-35740AC03BA6}.DebugSlow|x86.Build.0 = Debug|Any CPU
		{1C237091-3C10-4D14-956B-35740AC03BA6}.Release|Any CPU.ActiveCfg = Release|Any CPU
		{1C237091-3C10-4D14-956B-35740AC03BA6}.Release|Any CPU.Build.0 = Release|Any CPU
		{1C237091-3C10-4D14-956B-35740AC03BA6}.Release|x64.ActiveCfg = Release|Any CPU
		{1C237091-3C10-4D14-956B-35740AC03BA6}.Release|x64.Build.0 = Release|Any CPU
		{1C237091-3C10-4D14-956B-35740AC03BA6}.Release|x86.ActiveCfg = Release|Any CPU
		{1C237091-3C10-4D14-956B-35740AC03BA6}.Release|x86.Build.0 = Release|Any CPU
		{02E9FAE5-A358-4D44-82FD-F864E868B135}.Debug|Any CPU.ActiveCfg = Debug|Any CPU
		{02E9FAE5-A358-4D44-82FD-F864E868B135}.Debug|Any CPU.Build.0 = Debug|Any CPU
		{02E9FAE5-A358-4D44-82FD-F864E868B135}.Debug|x64.ActiveCfg = Debug|Any CPU
		{02E9FAE5-A358-4D44-82FD-F864E868B135}.Debug|x64.Build.0 = Debug|Any CPU
		{02E9FAE5-A358-4D44-82FD-F864E868B135}.Debug|x86.ActiveCfg = Debug|Any CPU
		{02E9FAE5-A358-4D44-82FD-F864E868B135}.Debug|x86.Build.0 = Debug|Any CPU
		{02E9FAE5-A358-4D44-82FD-F864E868B135}.DebugSlow|Any CPU.ActiveCfg = DebugSlow|Any CPU
		{02E9FAE5-A358-4D44-82FD-F864E868B135}.DebugSlow|Any CPU.Build.0 = DebugSlow|Any CPU
		{02E9FAE5-A358-4D44-82FD-F864E868B135}.DebugSlow|x64.ActiveCfg = DebugSlow|Any CPU
		{02E9FAE5-A358-4D44-82FD-F864E868B135}.DebugSlow|x64.Build.0 = DebugSlow|Any CPU
		{02E9FAE5-A358-4D44-82FD-F864E868B135}.DebugSlow|x86.ActiveCfg = DebugSlow|Any CPU
		{02E9FAE5-A358-4D44-82FD-F864E868B135}.DebugSlow|x86.Build.0 = DebugSlow|Any CPU
		{02E9FAE5-A358-4D44-82FD-F864E868B135}.Release|Any CPU.ActiveCfg = Release|Any CPU
		{02E9FAE5-A358-4D44-82FD-F864E868B135}.Release|Any CPU.Build.0 = Release|Any CPU
		{02E9FAE5-A358-4D44-82FD-F864E868B135}.Release|x64.ActiveCfg = Release|Any CPU
		{02E9FAE5-A358-4D44-82FD-F864E868B135}.Release|x64.Build.0 = Release|Any CPU
		{02E9FAE5-A358-4D44-82FD-F864E868B135}.Release|x86.ActiveCfg = Release|Any CPU
		{02E9FAE5-A358-4D44-82FD-F864E868B135}.Release|x86.Build.0 = Release|Any CPU
		{136D762B-33E1-4350-B2A3-00FE0D170CAE}.Debug|Any CPU.ActiveCfg = Debug|Any CPU
		{136D762B-33E1-4350-B2A3-00FE0D170CAE}.Debug|Any CPU.Build.0 = Debug|Any CPU
		{136D762B-33E1-4350-B2A3-00FE0D170CAE}.Debug|x64.ActiveCfg = Debug|Any CPU
		{136D762B-33E1-4350-B2A3-00FE0D170CAE}.Debug|x64.Build.0 = Debug|Any CPU
		{136D762B-33E1-4350-B2A3-00FE0D170CAE}.Debug|x86.ActiveCfg = Debug|Any CPU
		{136D762B-33E1-4350-B2A3-00FE0D170CAE}.Debug|x86.Build.0 = Debug|Any CPU
		{136D762B-33E1-4350-B2A3-00FE0D170CAE}.DebugSlow|Any CPU.ActiveCfg = Debug|Any CPU
		{136D762B-33E1-4350-B2A3-00FE0D170CAE}.DebugSlow|Any CPU.Build.0 = Debug|Any CPU
		{136D762B-33E1-4350-B2A3-00FE0D170CAE}.DebugSlow|x64.ActiveCfg = Debug|Any CPU
		{136D762B-33E1-4350-B2A3-00FE0D170CAE}.DebugSlow|x64.Build.0 = Debug|Any CPU
		{136D762B-33E1-4350-B2A3-00FE0D170CAE}.DebugSlow|x86.ActiveCfg = Debug|Any CPU
		{136D762B-33E1-4350-B2A3-00FE0D170CAE}.DebugSlow|x86.Build.0 = Debug|Any CPU
		{136D762B-33E1-4350-B2A3-00FE0D170CAE}.Release|Any CPU.ActiveCfg = Release|Any CPU
		{136D762B-33E1-4350-B2A3-00FE0D170CAE}.Release|Any CPU.Build.0 = Release|Any CPU
		{136D762B-33E1-4350-B2A3-00FE0D170CAE}.Release|x64.ActiveCfg = Release|Any CPU
		{136D762B-33E1-4350-B2A3-00FE0D170CAE}.Release|x64.Build.0 = Release|Any CPU
		{136D762B-33E1-4350-B2A3-00FE0D170CAE}.Release|x86.ActiveCfg = Release|Any CPU
		{136D762B-33E1-4350-B2A3-00FE0D170CAE}.Release|x86.Build.0 = Release|Any CPU
		{CC024318-080E-4CF3-8D46-479AE5EB6E25}.Debug|Any CPU.ActiveCfg = Debug|Any CPU
		{CC024318-080E-4CF3-8D46-479AE5EB6E25}.Debug|Any CPU.Build.0 = Debug|Any CPU
		{CC024318-080E-4CF3-8D46-479AE5EB6E25}.Debug|x64.ActiveCfg = Debug|Any CPU
		{CC024318-080E-4CF3-8D46-479AE5EB6E25}.Debug|x64.Build.0 = Debug|Any CPU
		{CC024318-080E-4CF3-8D46-479AE5EB6E25}.Debug|x86.ActiveCfg = Debug|Any CPU
		{CC024318-080E-4CF3-8D46-479AE5EB6E25}.Debug|x86.Build.0 = Debug|Any CPU
		{CC024318-080E-4CF3-8D46-479AE5EB6E25}.DebugSlow|Any CPU.ActiveCfg = Debug|Any CPU
		{CC024318-080E-4CF3-8D46-479AE5EB6E25}.DebugSlow|Any CPU.Build.0 = Debug|Any CPU
		{CC024318-080E-4CF3-8D46-479AE5EB6E25}.DebugSlow|x64.ActiveCfg = Debug|Any CPU
		{CC024318-080E-4CF3-8D46-479AE5EB6E25}.DebugSlow|x64.Build.0 = Debug|Any CPU
		{CC024318-080E-4CF3-8D46-479AE5EB6E25}.DebugSlow|x86.ActiveCfg = Debug|Any CPU
		{CC024318-080E-4CF3-8D46-479AE5EB6E25}.DebugSlow|x86.Build.0 = Debug|Any CPU
		{CC024318-080E-4CF3-8D46-479AE5EB6E25}.Release|Any CPU.ActiveCfg = Release|Any CPU
		{CC024318-080E-4CF3-8D46-479AE5EB6E25}.Release|Any CPU.Build.0 = Release|Any CPU
		{CC024318-080E-4CF3-8D46-479AE5EB6E25}.Release|x64.ActiveCfg = Release|Any CPU
		{CC024318-080E-4CF3-8D46-479AE5EB6E25}.Release|x64.Build.0 = Release|Any CPU
		{CC024318-080E-4CF3-8D46-479AE5EB6E25}.Release|x86.ActiveCfg = Release|Any CPU
		{CC024318-080E-4CF3-8D46-479AE5EB6E25}.Release|x86.Build.0 = Release|Any CPU
		{3C9D4F54-BF0F-4F65-831A-3B7C0B0E8304}.Debug|Any CPU.ActiveCfg = Debug|Any CPU
		{3C9D4F54-BF0F-4F65-831A-3B7C0B0E8304}.Debug|Any CPU.Build.0 = Debug|Any CPU
		{3C9D4F54-BF0F-4F65-831A-3B7C0B0E8304}.Debug|x64.ActiveCfg = Debug|Any CPU
		{3C9D4F54-BF0F-4F65-831A-3B7C0B0E8304}.Debug|x64.Build.0 = Debug|Any CPU
		{3C9D4F54-BF0F-4F65-831A-3B7C0B0E8304}.Debug|x86.ActiveCfg = Debug|Any CPU
		{3C9D4F54-BF0F-4F65-831A-3B7C0B0E8304}.Debug|x86.Build.0 = Debug|Any CPU
		{3C9D4F54-BF0F-4F65-831A-3B7C0B0E8304}.DebugSlow|Any CPU.ActiveCfg = Debug|Any CPU
		{3C9D4F54-BF0F-4F65-831A-3B7C0B0E8304}.DebugSlow|Any CPU.Build.0 = Debug|Any CPU
		{3C9D4F54-BF0F-4F65-831A-3B7C0B0E8304}.DebugSlow|x64.ActiveCfg = Debug|Any CPU
		{3C9D4F54-BF0F-4F65-831A-3B7C0B0E8304}.DebugSlow|x64.Build.0 = Debug|Any CPU
		{3C9D4F54-BF0F-4F65-831A-3B7C0B0E8304}.DebugSlow|x86.ActiveCfg = Debug|Any CPU
		{3C9D4F54-BF0F-4F65-831A-3B7C0B0E8304}.DebugSlow|x86.Build.0 = Debug|Any CPU
		{3C9D4F54-BF0F-4F65-831A-3B7C0B0E8304}.Release|Any CPU.ActiveCfg = Release|Any CPU
		{3C9D4F54-BF0F-4F65-831A-3B7C0B0E8304}.Release|Any CPU.Build.0 = Release|Any CPU
		{3C9D4F54-BF0F-4F65-831A-3B7C0B0E8304}.Release|x64.ActiveCfg = Release|Any CPU
		{3C9D4F54-BF0F-4F65-831A-3B7C0B0E8304}.Release|x64.Build.0 = Release|Any CPU
		{3C9D4F54-BF0F-4F65-831A-3B7C0B0E8304}.Release|x86.ActiveCfg = Release|Any CPU
		{3C9D4F54-BF0F-4F65-831A-3B7C0B0E8304}.Release|x86.Build.0 = Release|Any CPU
		{0AC394F6-EA59-4400-8C9D-3A97E77A94A4}.Debug|Any CPU.ActiveCfg = Debug|Any CPU
		{0AC394F6-EA59-4400-8C9D-3A97E77A94A4}.Debug|Any CPU.Build.0 = Debug|Any CPU
		{0AC394F6-EA59-4400-8C9D-3A97E77A94A4}.Debug|x64.ActiveCfg = Debug|Any CPU
		{0AC394F6-EA59-4400-8C9D-3A97E77A94A4}.Debug|x64.Build.0 = Debug|Any CPU
		{0AC394F6-EA59-4400-8C9D-3A97E77A94A4}.Debug|x86.ActiveCfg = Debug|Any CPU
		{0AC394F6-EA59-4400-8C9D-3A97E77A94A4}.Debug|x86.Build.0 = Debug|Any CPU
		{0AC394F6-EA59-4400-8C9D-3A97E77A94A4}.DebugSlow|Any CPU.ActiveCfg = Debug|Any CPU
		{0AC394F6-EA59-4400-8C9D-3A97E77A94A4}.DebugSlow|Any CPU.Build.0 = Debug|Any CPU
		{0AC394F6-EA59-4400-8C9D-3A97E77A94A4}.DebugSlow|x64.ActiveCfg = Debug|Any CPU
		{0AC394F6-EA59-4400-8C9D-3A97E77A94A4}.DebugSlow|x64.Build.0 = Debug|Any CPU
		{0AC394F6-EA59-4400-8C9D-3A97E77A94A4}.DebugSlow|x86.ActiveCfg = Debug|Any CPU
		{0AC394F6-EA59-4400-8C9D-3A97E77A94A4}.DebugSlow|x86.Build.0 = Debug|Any CPU
		{0AC394F6-EA59-4400-8C9D-3A97E77A94A4}.Release|Any CPU.ActiveCfg = Release|Any CPU
		{0AC394F6-EA59-4400-8C9D-3A97E77A94A4}.Release|Any CPU.Build.0 = Release|Any CPU
		{0AC394F6-EA59-4400-8C9D-3A97E77A94A4}.Release|x64.ActiveCfg = Release|Any CPU
		{0AC394F6-EA59-4400-8C9D-3A97E77A94A4}.Release|x64.Build.0 = Release|Any CPU
		{0AC394F6-EA59-4400-8C9D-3A97E77A94A4}.Release|x86.ActiveCfg = Release|Any CPU
		{0AC394F6-EA59-4400-8C9D-3A97E77A94A4}.Release|x86.Build.0 = Release|Any CPU
		{D467D497-18D8-4E26-8671-8AC73BE9AC4F}.Debug|Any CPU.ActiveCfg = Debug|Any CPU
		{D467D497-18D8-4E26-8671-8AC73BE9AC4F}.Debug|Any CPU.Build.0 = Debug|Any CPU
		{D467D497-18D8-4E26-8671-8AC73BE9AC4F}.Debug|x64.ActiveCfg = Debug|Any CPU
		{D467D497-18D8-4E26-8671-8AC73BE9AC4F}.Debug|x64.Build.0 = Debug|Any CPU
		{D467D497-18D8-4E26-8671-8AC73BE9AC4F}.Debug|x86.ActiveCfg = Debug|Any CPU
		{D467D497-18D8-4E26-8671-8AC73BE9AC4F}.Debug|x86.Build.0 = Debug|Any CPU
		{D467D497-18D8-4E26-8671-8AC73BE9AC4F}.DebugSlow|Any CPU.ActiveCfg = Debug|Any CPU
		{D467D497-18D8-4E26-8671-8AC73BE9AC4F}.DebugSlow|Any CPU.Build.0 = Debug|Any CPU
		{D467D497-18D8-4E26-8671-8AC73BE9AC4F}.DebugSlow|x64.ActiveCfg = Debug|Any CPU
		{D467D497-18D8-4E26-8671-8AC73BE9AC4F}.DebugSlow|x64.Build.0 = Debug|Any CPU
		{D467D497-18D8-4E26-8671-8AC73BE9AC4F}.DebugSlow|x86.ActiveCfg = Debug|Any CPU
		{D467D497-18D8-4E26-8671-8AC73BE9AC4F}.DebugSlow|x86.Build.0 = Debug|Any CPU
		{D467D497-18D8-4E26-8671-8AC73BE9AC4F}.Release|Any CPU.ActiveCfg = Release|Any CPU
		{D467D497-18D8-4E26-8671-8AC73BE9AC4F}.Release|Any CPU.Build.0 = Release|Any CPU
		{D467D497-18D8-4E26-8671-8AC73BE9AC4F}.Release|x64.ActiveCfg = Release|Any CPU
		{D467D497-18D8-4E26-8671-8AC73BE9AC4F}.Release|x64.Build.0 = Release|Any CPU
		{D467D497-18D8-4E26-8671-8AC73BE9AC4F}.Release|x86.ActiveCfg = Release|Any CPU
		{D467D497-18D8-4E26-8671-8AC73BE9AC4F}.Release|x86.Build.0 = Release|Any CPU
		{C6A5D01E-BD5C-46DF-875C-E32E9C82342E}.Debug|Any CPU.ActiveCfg = Debug|Any CPU
		{C6A5D01E-BD5C-46DF-875C-E32E9C82342E}.Debug|Any CPU.Build.0 = Debug|Any CPU
		{C6A5D01E-BD5C-46DF-875C-E32E9C82342E}.Debug|x64.ActiveCfg = Debug|Any CPU
		{C6A5D01E-BD5C-46DF-875C-E32E9C82342E}.Debug|x64.Build.0 = Debug|Any CPU
		{C6A5D01E-BD5C-46DF-875C-E32E9C82342E}.Debug|x86.ActiveCfg = Debug|Any CPU
		{C6A5D01E-BD5C-46DF-875C-E32E9C82342E}.Debug|x86.Build.0 = Debug|Any CPU
		{C6A5D01E-BD5C-46DF-875C-E32E9C82342E}.DebugSlow|Any CPU.ActiveCfg = Debug|Any CPU
		{C6A5D01E-BD5C-46DF-875C-E32E9C82342E}.DebugSlow|Any CPU.Build.0 = Debug|Any CPU
		{C6A5D01E-BD5C-46DF-875C-E32E9C82342E}.DebugSlow|x64.ActiveCfg = Debug|Any CPU
		{C6A5D01E-BD5C-46DF-875C-E32E9C82342E}.DebugSlow|x64.Build.0 = Debug|Any CPU
		{C6A5D01E-BD5C-46DF-875C-E32E9C82342E}.DebugSlow|x86.ActiveCfg = Debug|Any CPU
		{C6A5D01E-BD5C-46DF-875C-E32E9C82342E}.DebugSlow|x86.Build.0 = Debug|Any CPU
		{C6A5D01E-BD5C-46DF-875C-E32E9C82342E}.Release|Any CPU.ActiveCfg = Release|Any CPU
		{C6A5D01E-BD5C-46DF-875C-E32E9C82342E}.Release|Any CPU.Build.0 = Release|Any CPU
		{C6A5D01E-BD5C-46DF-875C-E32E9C82342E}.Release|x64.ActiveCfg = Release|Any CPU
		{C6A5D01E-BD5C-46DF-875C-E32E9C82342E}.Release|x64.Build.0 = Release|Any CPU
		{C6A5D01E-BD5C-46DF-875C-E32E9C82342E}.Release|x86.ActiveCfg = Release|Any CPU
		{C6A5D01E-BD5C-46DF-875C-E32E9C82342E}.Release|x86.Build.0 = Release|Any CPU
		{716CC065-F58C-455E-8079-3A21C59D42E3}.Debug|Any CPU.ActiveCfg = Debug|Any CPU
		{716CC065-F58C-455E-8079-3A21C59D42E3}.Debug|Any CPU.Build.0 = Debug|Any CPU
		{716CC065-F58C-455E-8079-3A21C59D42E3}.Debug|x64.ActiveCfg = Debug|Any CPU
		{716CC065-F58C-455E-8079-3A21C59D42E3}.Debug|x64.Build.0 = Debug|Any CPU
		{716CC065-F58C-455E-8079-3A21C59D42E3}.Debug|x86.ActiveCfg = Debug|Any CPU
		{716CC065-F58C-455E-8079-3A21C59D42E3}.Debug|x86.Build.0 = Debug|Any CPU
		{716CC065-F58C-455E-8079-3A21C59D42E3}.DebugSlow|Any CPU.ActiveCfg = Debug|Any CPU
		{716CC065-F58C-455E-8079-3A21C59D42E3}.DebugSlow|Any CPU.Build.0 = Debug|Any CPU
		{716CC065-F58C-455E-8079-3A21C59D42E3}.DebugSlow|x64.ActiveCfg = Debug|Any CPU
		{716CC065-F58C-455E-8079-3A21C59D42E3}.DebugSlow|x64.Build.0 = Debug|Any CPU
		{716CC065-F58C-455E-8079-3A21C59D42E3}.DebugSlow|x86.ActiveCfg = Debug|Any CPU
		{716CC065-F58C-455E-8079-3A21C59D42E3}.DebugSlow|x86.Build.0 = Debug|Any CPU
		{716CC065-F58C-455E-8079-3A21C59D42E3}.Release|Any CPU.ActiveCfg = Release|Any CPU
		{716CC065-F58C-455E-8079-3A21C59D42E3}.Release|Any CPU.Build.0 = Release|Any CPU
		{716CC065-F58C-455E-8079-3A21C59D42E3}.Release|x64.ActiveCfg = Release|Any CPU
		{716CC065-F58C-455E-8079-3A21C59D42E3}.Release|x64.Build.0 = Release|Any CPU
		{716CC065-F58C-455E-8079-3A21C59D42E3}.Release|x86.ActiveCfg = Release|Any CPU
		{716CC065-F58C-455E-8079-3A21C59D42E3}.Release|x86.Build.0 = Release|Any CPU
		{64148CC9-DE3E-465A-98E8-370431226E70}.Debug|Any CPU.ActiveCfg = Debug|Any CPU
		{64148CC9-DE3E-465A-98E8-370431226E70}.Debug|Any CPU.Build.0 = Debug|Any CPU
		{64148CC9-DE3E-465A-98E8-370431226E70}.Debug|x64.ActiveCfg = Debug|Any CPU
		{64148CC9-DE3E-465A-98E8-370431226E70}.Debug|x64.Build.0 = Debug|Any CPU
		{64148CC9-DE3E-465A-98E8-370431226E70}.Debug|x86.ActiveCfg = Debug|Any CPU
		{64148CC9-DE3E-465A-98E8-370431226E70}.Debug|x86.Build.0 = Debug|Any CPU
		{64148CC9-DE3E-465A-98E8-370431226E70}.DebugSlow|Any CPU.ActiveCfg = Debug|Any CPU
		{64148CC9-DE3E-465A-98E8-370431226E70}.DebugSlow|Any CPU.Build.0 = Debug|Any CPU
		{64148CC9-DE3E-465A-98E8-370431226E70}.DebugSlow|x64.ActiveCfg = Debug|Any CPU
		{64148CC9-DE3E-465A-98E8-370431226E70}.DebugSlow|x64.Build.0 = Debug|Any CPU
		{64148CC9-DE3E-465A-98E8-370431226E70}.DebugSlow|x86.ActiveCfg = Debug|Any CPU
		{64148CC9-DE3E-465A-98E8-370431226E70}.DebugSlow|x86.Build.0 = Debug|Any CPU
		{64148CC9-DE3E-465A-98E8-370431226E70}.Release|Any CPU.ActiveCfg = Release|Any CPU
		{64148CC9-DE3E-465A-98E8-370431226E70}.Release|Any CPU.Build.0 = Release|Any CPU
		{64148CC9-DE3E-465A-98E8-370431226E70}.Release|x64.ActiveCfg = Release|Any CPU
		{64148CC9-DE3E-465A-98E8-370431226E70}.Release|x64.Build.0 = Release|Any CPU
		{64148CC9-DE3E-465A-98E8-370431226E70}.Release|x86.ActiveCfg = Release|Any CPU
		{64148CC9-DE3E-465A-98E8-370431226E70}.Release|x86.Build.0 = Release|Any CPU
		{CF9C2ABA-944C-46EB-8788-346D432321D5}.Debug|Any CPU.ActiveCfg = Debug|Any CPU
		{CF9C2ABA-944C-46EB-8788-346D432321D5}.Debug|Any CPU.Build.0 = Debug|Any CPU
		{CF9C2ABA-944C-46EB-8788-346D432321D5}.Debug|x64.ActiveCfg = Debug|Any CPU
		{CF9C2ABA-944C-46EB-8788-346D432321D5}.Debug|x64.Build.0 = Debug|Any CPU
		{CF9C2ABA-944C-46EB-8788-346D432321D5}.Debug|x86.ActiveCfg = Debug|Any CPU
		{CF9C2ABA-944C-46EB-8788-346D432321D5}.Debug|x86.Build.0 = Debug|Any CPU
		{CF9C2ABA-944C-46EB-8788-346D432321D5}.DebugSlow|Any CPU.ActiveCfg = Debug|Any CPU
		{CF9C2ABA-944C-46EB-8788-346D432321D5}.DebugSlow|Any CPU.Build.0 = Debug|Any CPU
		{CF9C2ABA-944C-46EB-8788-346D432321D5}.DebugSlow|x64.ActiveCfg = Debug|Any CPU
		{CF9C2ABA-944C-46EB-8788-346D432321D5}.DebugSlow|x64.Build.0 = Debug|Any CPU
		{CF9C2ABA-944C-46EB-8788-346D432321D5}.DebugSlow|x86.ActiveCfg = Debug|Any CPU
		{CF9C2ABA-944C-46EB-8788-346D432321D5}.DebugSlow|x86.Build.0 = Debug|Any CPU
		{CF9C2ABA-944C-46EB-8788-346D432321D5}.Release|Any CPU.ActiveCfg = Release|Any CPU
		{CF9C2ABA-944C-46EB-8788-346D432321D5}.Release|Any CPU.Build.0 = Release|Any CPU
		{CF9C2ABA-944C-46EB-8788-346D432321D5}.Release|x64.ActiveCfg = Release|Any CPU
		{CF9C2ABA-944C-46EB-8788-346D432321D5}.Release|x64.Build.0 = Release|Any CPU
		{CF9C2ABA-944C-46EB-8788-346D432321D5}.Release|x86.ActiveCfg = Release|Any CPU
		{CF9C2ABA-944C-46EB-8788-346D432321D5}.Release|x86.Build.0 = Release|Any CPU
		{731275DC-5730-49FB-A721-3A39EE3F516E}.Debug|Any CPU.ActiveCfg = Debug|Any CPU
		{731275DC-5730-49FB-A721-3A39EE3F516E}.Debug|Any CPU.Build.0 = Debug|Any CPU
		{731275DC-5730-49FB-A721-3A39EE3F516E}.Debug|x64.ActiveCfg = Debug|Any CPU
		{731275DC-5730-49FB-A721-3A39EE3F516E}.Debug|x64.Build.0 = Debug|Any CPU
		{731275DC-5730-49FB-A721-3A39EE3F516E}.Debug|x86.ActiveCfg = Debug|Any CPU
		{731275DC-5730-49FB-A721-3A39EE3F516E}.Debug|x86.Build.0 = Debug|Any CPU
		{731275DC-5730-49FB-A721-3A39EE3F516E}.DebugSlow|Any CPU.ActiveCfg = Debug|Any CPU
		{731275DC-5730-49FB-A721-3A39EE3F516E}.DebugSlow|Any CPU.Build.0 = Debug|Any CPU
		{731275DC-5730-49FB-A721-3A39EE3F516E}.DebugSlow|x64.ActiveCfg = Debug|Any CPU
		{731275DC-5730-49FB-A721-3A39EE3F516E}.DebugSlow|x64.Build.0 = Debug|Any CPU
		{731275DC-5730-49FB-A721-3A39EE3F516E}.DebugSlow|x86.ActiveCfg = Debug|Any CPU
		{731275DC-5730-49FB-A721-3A39EE3F516E}.DebugSlow|x86.Build.0 = Debug|Any CPU
		{731275DC-5730-49FB-A721-3A39EE3F516E}.Release|Any CPU.ActiveCfg = Release|Any CPU
		{731275DC-5730-49FB-A721-3A39EE3F516E}.Release|Any CPU.Build.0 = Release|Any CPU
		{731275DC-5730-49FB-A721-3A39EE3F516E}.Release|x64.ActiveCfg = Release|Any CPU
		{731275DC-5730-49FB-A721-3A39EE3F516E}.Release|x64.Build.0 = Release|Any CPU
		{731275DC-5730-49FB-A721-3A39EE3F516E}.Release|x86.ActiveCfg = Release|Any CPU
		{731275DC-5730-49FB-A721-3A39EE3F516E}.Release|x86.Build.0 = Release|Any CPU
		{B9B7BFEC-AEBB-42DB-A1C5-DAB16029F850}.Debug|Any CPU.ActiveCfg = Debug|Any CPU
		{B9B7BFEC-AEBB-42DB-A1C5-DAB16029F850}.Debug|Any CPU.Build.0 = Debug|Any CPU
		{B9B7BFEC-AEBB-42DB-A1C5-DAB16029F850}.Debug|x64.ActiveCfg = Debug|Any CPU
		{B9B7BFEC-AEBB-42DB-A1C5-DAB16029F850}.Debug|x64.Build.0 = Debug|Any CPU
		{B9B7BFEC-AEBB-42DB-A1C5-DAB16029F850}.Debug|x86.ActiveCfg = Debug|Any CPU
		{B9B7BFEC-AEBB-42DB-A1C5-DAB16029F850}.Debug|x86.Build.0 = Debug|Any CPU
		{B9B7BFEC-AEBB-42DB-A1C5-DAB16029F850}.DebugSlow|Any CPU.ActiveCfg = Debug|Any CPU
		{B9B7BFEC-AEBB-42DB-A1C5-DAB16029F850}.DebugSlow|Any CPU.Build.0 = Debug|Any CPU
		{B9B7BFEC-AEBB-42DB-A1C5-DAB16029F850}.DebugSlow|x64.ActiveCfg = Debug|Any CPU
		{B9B7BFEC-AEBB-42DB-A1C5-DAB16029F850}.DebugSlow|x64.Build.0 = Debug|Any CPU
		{B9B7BFEC-AEBB-42DB-A1C5-DAB16029F850}.DebugSlow|x86.ActiveCfg = Debug|Any CPU
		{B9B7BFEC-AEBB-42DB-A1C5-DAB16029F850}.DebugSlow|x86.Build.0 = Debug|Any CPU
		{B9B7BFEC-AEBB-42DB-A1C5-DAB16029F850}.Release|Any CPU.ActiveCfg = Release|Any CPU
		{B9B7BFEC-AEBB-42DB-A1C5-DAB16029F850}.Release|Any CPU.Build.0 = Release|Any CPU
		{B9B7BFEC-AEBB-42DB-A1C5-DAB16029F850}.Release|x64.ActiveCfg = Release|Any CPU
		{B9B7BFEC-AEBB-42DB-A1C5-DAB16029F850}.Release|x64.Build.0 = Release|Any CPU
		{B9B7BFEC-AEBB-42DB-A1C5-DAB16029F850}.Release|x86.ActiveCfg = Release|Any CPU
		{B9B7BFEC-AEBB-42DB-A1C5-DAB16029F850}.Release|x86.Build.0 = Release|Any CPU
	EndGlobalSection
	GlobalSection(SolutionProperties) = preSolution
		HideSolutionNode = FALSE
	EndGlobalSection
	GlobalSection(ExtensibilityGlobals) = postSolution
		SolutionGuid = {A6054B71-0BA2-4582-9B76-805D46670242}
	EndGlobalSection
	GlobalSection(NestedProjects) = preSolution
		{F847719C-7CF2-40D5-BF7B-6F51E551E13F} = {B8C116C4-932B-4071-9DCC-D4F64E3C4E6F}
		{6F3BB70E-0095-4D58-AE5E-D7D02FD7BB01} = {F847719C-7CF2-40D5-BF7B-6F51E551E13F}
		{01BD6F10-2DE0-4D88-8EB0-62705AE8F6FC} = {F847719C-7CF2-40D5-BF7B-6F51E551E13F}
		{39F9287F-CBC6-4F56-AA55-81A013A89AAE} = {B8C116C4-932B-4071-9DCC-D4F64E3C4E6F}
		{9787F0F9-A50D-4E8E-8AEA-BC7242740BE9} = {B8C116C4-932B-4071-9DCC-D4F64E3C4E6F}
	EndGlobalSection
EndGlobal
